// !$*UTF8*$!
{
	archiveVersion = 1;
	classes = {
	};
	objectVersion = 56;
	objects = {

/* Begin PBXBuildFile section */
		6CE135902CAEB8A9006E1F28 /* SawitPRO_tech_testApp.swift in Sources */ = {isa = PBXBuildFile; fileRef = 6CE1358F2CAEB8A9006E1F28 /* SawitPRO_tech_testApp.swift */; };
		6CE135922CAEB8A9006E1F28 /* ContentView.swift in Sources */ = {isa = PBXBuildFile; fileRef = 6CE135912CAEB8A9006E1F28 /* ContentView.swift */; };
		6CE135942CAEB8A9006E1F28 /* Item.swift in Sources */ = {isa = PBXBuildFile; fileRef = 6CE135932CAEB8A9006E1F28 /* Item.swift */; };
		6CE135962CAEB8AA006E1F28 /* Assets.xcassets in Resources */ = {isa = PBXBuildFile; fileRef = 6CE135952CAEB8AA006E1F28 /* Assets.xcassets */; };
		6CE135992CAEB8AA006E1F28 /* Preview Assets.xcassets in Resources */ = {isa = PBXBuildFile; fileRef = 6CE135982CAEB8AA006E1F28 /* Preview Assets.xcassets */; };
		6CE135A32CAEB8AB006E1F28 /* SawitPRO_tech_testTests.swift in Sources */ = {isa = PBXBuildFile; fileRef = 6CE135A22CAEB8AB006E1F28 /* SawitPRO_tech_testTests.swift */; };
		6CE135AD2CAEB8AB006E1F28 /* SawitPRO_tech_testUITests.swift in Sources */ = {isa = PBXBuildFile; fileRef = 6CE135AC2CAEB8AB006E1F28 /* SawitPRO_tech_testUITests.swift */; };
		6CE135AF2CAEB8AB006E1F28 /* SawitPRO_tech_testUITestsLaunchTests.swift in Sources */ = {isa = PBXBuildFile; fileRef = 6CE135AE2CAEB8AB006E1F28 /* SawitPRO_tech_testUITestsLaunchTests.swift */; };
/* End PBXBuildFile section */

/* Begin PBXContainerItemProxy section */
		6CE1359F2CAEB8AB006E1F28 /* PBXContainerItemProxy */ = {
			isa = PBXContainerItemProxy;
			containerPortal = 6CE135842CAEB8A9006E1F28 /* Project object */;
			proxyType = 1;
			remoteGlobalIDString = 6CE1358B2CAEB8A9006E1F28;
			remoteInfo = SawitPRO_tech_test;
		};
		6CE135A92CAEB8AB006E1F28 /* PBXContainerItemProxy */ = {
			isa = PBXContainerItemProxy;
			containerPortal = 6CE135842CAEB8A9006E1F28 /* Project object */;
			proxyType = 1;
			remoteGlobalIDString = 6CE1358B2CAEB8A9006E1F28;
			remoteInfo = SawitPRO_tech_test;
		};
/* End PBXContainerItemProxy section */

/* Begin PBXFileReference section */
		6CE1358C2CAEB8A9006E1F28 /* SawitPRO_tech_test.app */ = {isa = PBXFileReference; explicitFileType = wrapper.application; includeInIndex = 0; path = SawitPRO_tech_test.app; sourceTree = BUILT_PRODUCTS_DIR; };
		6CE1358F2CAEB8A9006E1F28 /* SawitPRO_tech_testApp.swift */ = {isa = PBXFileReference; lastKnownFileType = sourcecode.swift; path = SawitPRO_tech_testApp.swift; sourceTree = "<group>"; };
		6CE135912CAEB8A9006E1F28 /* ContentView.swift */ = {isa = PBXFileReference; lastKnownFileType = sourcecode.swift; path = ContentView.swift; sourceTree = "<group>"; };
		6CE135932CAEB8A9006E1F28 /* Item.swift */ = {isa = PBXFileReference; lastKnownFileType = sourcecode.swift; path = Item.swift; sourceTree = "<group>"; };
		6CE135952CAEB8AA006E1F28 /* Assets.xcassets */ = {isa = PBXFileReference; lastKnownFileType = folder.assetcatalog; path = Assets.xcassets; sourceTree = "<group>"; };
		6CE135982CAEB8AA006E1F28 /* Preview Assets.xcassets */ = {isa = PBXFileReference; lastKnownFileType = folder.assetcatalog; path = "Preview Assets.xcassets"; sourceTree = "<group>"; };
		6CE1359E2CAEB8AB006E1F28 /* SawitPRO_tech_testTests.xctest */ = {isa = PBXFileReference; explicitFileType = wrapper.cfbundle; includeInIndex = 0; path = SawitPRO_tech_testTests.xctest; sourceTree = BUILT_PRODUCTS_DIR; };
		6CE135A22CAEB8AB006E1F28 /* SawitPRO_tech_testTests.swift */ = {isa = PBXFileReference; lastKnownFileType = sourcecode.swift; path = SawitPRO_tech_testTests.swift; sourceTree = "<group>"; };
		6CE135A82CAEB8AB006E1F28 /* SawitPRO_tech_testUITests.xctest */ = {isa = PBXFileReference; explicitFileType = wrapper.cfbundle; includeInIndex = 0; path = SawitPRO_tech_testUITests.xctest; sourceTree = BUILT_PRODUCTS_DIR; };
		6CE135AC2CAEB8AB006E1F28 /* SawitPRO_tech_testUITests.swift */ = {isa = PBXFileReference; lastKnownFileType = sourcecode.swift; path = SawitPRO_tech_testUITests.swift; sourceTree = "<group>"; };
		6CE135AE2CAEB8AB006E1F28 /* SawitPRO_tech_testUITestsLaunchTests.swift */ = {isa = PBXFileReference; lastKnownFileType = sourcecode.swift; path = SawitPRO_tech_testUITestsLaunchTests.swift; sourceTree = "<group>"; };
/* End PBXFileReference section */

/* Begin PBXFrameworksBuildPhase section */
		6CE135892CAEB8A9006E1F28 /* Frameworks */ = {
			isa = PBXFrameworksBuildPhase;
			buildActionMask = 2147483647;
			files = (
			);
			runOnlyForDeploymentPostprocessing = 0;
		};
		6CE1359B2CAEB8AB006E1F28 /* Frameworks */ = {
			isa = PBXFrameworksBuildPhase;
			buildActionMask = 2147483647;
			files = (
			);
			runOnlyForDeploymentPostprocessing = 0;
		};
		6CE135A52CAEB8AB006E1F28 /* Frameworks */ = {
			isa = PBXFrameworksBuildPhase;
			buildActionMask = 2147483647;
			files = (
			);
			runOnlyForDeploymentPostprocessing = 0;
		};
/* End PBXFrameworksBuildPhase section */

/* Begin PBXGroup section */
		6CE135832CAEB8A9006E1F28 = {
			isa = PBXGroup;
			children = (
				6CE1358E2CAEB8A9006E1F28 /* SawitPRO_tech_test */,
				6CE135A12CAEB8AB006E1F28 /* SawitPRO_tech_testTests */,
				6CE135AB2CAEB8AB006E1F28 /* SawitPRO_tech_testUITests */,
				6CE1358D2CAEB8A9006E1F28 /* Products */,
			);
			sourceTree = "<group>";
		};
		6CE1358D2CAEB8A9006E1F28 /* Products */ = {
			isa = PBXGroup;
			children = (
				6CE1358C2CAEB8A9006E1F28 /* SawitPRO_tech_test.app */,
				6CE1359E2CAEB8AB006E1F28 /* SawitPRO_tech_testTests.xctest */,
				6CE135A82CAEB8AB006E1F28 /* SawitPRO_tech_testUITests.xctest */,
			);
			name = Products;
			sourceTree = "<group>";
		};
		6CE1358E2CAEB8A9006E1F28 /* SawitPRO_tech_test */ = {
			isa = PBXGroup;
			children = (
				6CE1358F2CAEB8A9006E1F28 /* SawitPRO_tech_testApp.swift */,
				6CE135912CAEB8A9006E1F28 /* ContentView.swift */,
				6CE135932CAEB8A9006E1F28 /* Item.swift */,
				6CE135952CAEB8AA006E1F28 /* Assets.xcassets */,
				6CE135972CAEB8AA006E1F28 /* Preview Content */,
			);
			path = SawitPRO_tech_test;
			sourceTree = "<group>";
		};
		6CE135972CAEB8AA006E1F28 /* Preview Content */ = {
			isa = PBXGroup;
			children = (
				6CE135982CAEB8AA006E1F28 /* Preview Assets.xcassets */,
			);
			path = "Preview Content";
			sourceTree = "<group>";
		};
		6CE135A12CAEB8AB006E1F28 /* SawitPRO_tech_testTests */ = {
			isa = PBXGroup;
			children = (
				6CE135A22CAEB8AB006E1F28 /* SawitPRO_tech_testTests.swift */,
			);
			path = SawitPRO_tech_testTests;
			sourceTree = "<group>";
		};
		6CE135AB2CAEB8AB006E1F28 /* SawitPRO_tech_testUITests */ = {
			isa = PBXGroup;
			children = (
				6CE135AC2CAEB8AB006E1F28 /* SawitPRO_tech_testUITests.swift */,
				6CE135AE2CAEB8AB006E1F28 /* SawitPRO_tech_testUITestsLaunchTests.swift */,
			);
			path = SawitPRO_tech_testUITests;
			sourceTree = "<group>";
		};
/* End PBXGroup section */

/* Begin PBXNativeTarget section */
		6CE1358B2CAEB8A9006E1F28 /* SawitPRO_tech_test */ = {
			isa = PBXNativeTarget;
			buildConfigurationList = 6CE135B22CAEB8AB006E1F28 /* Build configuration list for PBXNativeTarget "SawitPRO_tech_test" */;
			buildPhases = (
				6CE135882CAEB8A9006E1F28 /* Sources */,
				6CE135892CAEB8A9006E1F28 /* Frameworks */,
				6CE1358A2CAEB8A9006E1F28 /* Resources */,
			);
			buildRules = (
			);
			dependencies = (
			);
			name = SawitPRO_tech_test;
			productName = SawitPRO_tech_test;
			productReference = 6CE1358C2CAEB8A9006E1F28 /* SawitPRO_tech_test.app */;
			productType = "com.apple.product-type.application";
		};
		6CE1359D2CAEB8AB006E1F28 /* SawitPRO_tech_testTests */ = {
			isa = PBXNativeTarget;
			buildConfigurationList = 6CE135B52CAEB8AB006E1F28 /* Build configuration list for PBXNativeTarget "SawitPRO_tech_testTests" */;
			buildPhases = (
				6CE1359A2CAEB8AB006E1F28 /* Sources */,
				6CE1359B2CAEB8AB006E1F28 /* Frameworks */,
				6CE1359C2CAEB8AB006E1F28 /* Resources */,
			);
			buildRules = (
			);
			dependencies = (
				6CE135A02CAEB8AB006E1F28 /* PBXTargetDependency */,
			);
			name = SawitPRO_tech_testTests;
			productName = SawitPRO_tech_testTests;
			productReference = 6CE1359E2CAEB8AB006E1F28 /* SawitPRO_tech_testTests.xctest */;
			productType = "com.apple.product-type.bundle.unit-test";
		};
		6CE135A72CAEB8AB006E1F28 /* SawitPRO_tech_testUITests */ = {
			isa = PBXNativeTarget;
			buildConfigurationList = 6CE135B82CAEB8AB006E1F28 /* Build configuration list for PBXNativeTarget "SawitPRO_tech_testUITests" */;
			buildPhases = (
				6CE135A42CAEB8AB006E1F28 /* Sources */,
				6CE135A52CAEB8AB006E1F28 /* Frameworks */,
				6CE135A62CAEB8AB006E1F28 /* Resources */,
			);
			buildRules = (
			);
			dependencies = (
				6CE135AA2CAEB8AB006E1F28 /* PBXTargetDependency */,
			);
			name = SawitPRO_tech_testUITests;
			productName = SawitPRO_tech_testUITests;
			productReference = 6CE135A82CAEB8AB006E1F28 /* SawitPRO_tech_testUITests.xctest */;
			productType = "com.apple.product-type.bundle.ui-testing";
		};
/* End PBXNativeTarget section */

/* Begin PBXProject section */
		6CE135842CAEB8A9006E1F28 /* Project object */ = {
			isa = PBXProject;
			attributes = {
				BuildIndependentTargetsInParallel = 1;
				LastSwiftUpdateCheck = 1510;
				LastUpgradeCheck = 1510;
				TargetAttributes = {
					6CE1358B2CAEB8A9006E1F28 = {
						CreatedOnToolsVersion = 15.1;
					};
					6CE1359D2CAEB8AB006E1F28 = {
						CreatedOnToolsVersion = 15.1;
						TestTargetID = 6CE1358B2CAEB8A9006E1F28;
					};
					6CE135A72CAEB8AB006E1F28 = {
						CreatedOnToolsVersion = 15.1;
						TestTargetID = 6CE1358B2CAEB8A9006E1F28;
					};
				};
			};
			buildConfigurationList = 6CE135872CAEB8A9006E1F28 /* Build configuration list for PBXProject "SawitPRO_tech_test" */;
			compatibilityVersion = "Xcode 14.0";
			developmentRegion = en;
			hasScannedForEncodings = 0;
			knownRegions = (
				en,
				Base,
			);
			mainGroup = 6CE135832CAEB8A9006E1F28;
			productRefGroup = 6CE1358D2CAEB8A9006E1F28 /* Products */;
			projectDirPath = "";
			projectRoot = "";
			targets = (
				6CE1358B2CAEB8A9006E1F28 /* SawitPRO_tech_test */,
				6CE1359D2CAEB8AB006E1F28 /* SawitPRO_tech_testTests */,
				6CE135A72CAEB8AB006E1F28 /* SawitPRO_tech_testUITests */,
			);
		};
/* End PBXProject section */

/* Begin PBXResourcesBuildPhase section */
		6CE1358A2CAEB8A9006E1F28 /* Resources */ = {
			isa = PBXResourcesBuildPhase;
			buildActionMask = 2147483647;
			files = (
				6CE135992CAEB8AA006E1F28 /* Preview Assets.xcassets in Resources */,
				6CE135962CAEB8AA006E1F28 /* Assets.xcassets in Resources */,
			);
			runOnlyForDeploymentPostprocessing = 0;
		};
		6CE1359C2CAEB8AB006E1F28 /* Resources */ = {
			isa = PBXResourcesBuildPhase;
			buildActionMask = 2147483647;
			files = (
			);
			runOnlyForDeploymentPostprocessing = 0;
		};
		6CE135A62CAEB8AB006E1F28 /* Resources */ = {
			isa = PBXResourcesBuildPhase;
			buildActionMask = 2147483647;
			files = (
			);
			runOnlyForDeploymentPostprocessing = 0;
		};
/* End PBXResourcesBuildPhase section */

/* Begin PBXSourcesBuildPhase section */
		6CE135882CAEB8A9006E1F28 /* Sources */ = {
			isa = PBXSourcesBuildPhase;
			buildActionMask = 2147483647;
			files = (
				6CE135922CAEB8A9006E1F28 /* ContentView.swift in Sources */,
				6CE135942CAEB8A9006E1F28 /* Item.swift in Sources */,
				6CE135902CAEB8A9006E1F28 /* SawitPRO_tech_testApp.swift in Sources */,
			);
			runOnlyForDeploymentPostprocessing = 0;
		};
		6CE1359A2CAEB8AB006E1F28 /* Sources */ = {
			isa = PBXSourcesBuildPhase;
			buildActionMask = 2147483647;
			files = (
				6CE135A32CAEB8AB006E1F28 /* SawitPRO_tech_testTests.swift in Sources */,
			);
			runOnlyForDeploymentPostprocessing = 0;
		};
		6CE135A42CAEB8AB006E1F28 /* Sources */ = {
			isa = PBXSourcesBuildPhase;
			buildActionMask = 2147483647;
			files = (
				6CE135AD2CAEB8AB006E1F28 /* SawitPRO_tech_testUITests.swift in Sources */,
				6CE135AF2CAEB8AB006E1F28 /* SawitPRO_tech_testUITestsLaunchTests.swift in Sources */,
			);
			runOnlyForDeploymentPostprocessing = 0;
		};
/* End PBXSourcesBuildPhase section */

/* Begin PBXTargetDependency section */
		6CE135A02CAEB8AB006E1F28 /* PBXTargetDependency */ = {
			isa = PBXTargetDependency;
			target = 6CE1358B2CAEB8A9006E1F28 /* SawitPRO_tech_test */;
			targetProxy = 6CE1359F2CAEB8AB006E1F28 /* PBXContainerItemProxy */;
		};
		6CE135AA2CAEB8AB006E1F28 /* PBXTargetDependency */ = {
			isa = PBXTargetDependency;
			target = 6CE1358B2CAEB8A9006E1F28 /* SawitPRO_tech_test */;
			targetProxy = 6CE135A92CAEB8AB006E1F28 /* PBXContainerItemProxy */;
		};
/* End PBXTargetDependency section */

/* Begin XCBuildConfiguration section */
		6CE135B02CAEB8AB006E1F28 /* Debug */ = {
			isa = XCBuildConfiguration;
			buildSettings = {
				ALWAYS_SEARCH_USER_PATHS = NO;
				ASSETCATALOG_COMPILER_GENERATE_SWIFT_ASSET_SYMBOL_EXTENSIONS = YES;
				CLANG_ANALYZER_NONNULL = YES;
				CLANG_ANALYZER_NUMBER_OBJECT_CONVERSION = YES_AGGRESSIVE;
				CLANG_CXX_LANGUAGE_STANDARD = "gnu++20";
				CLANG_ENABLE_MODULES = YES;
				CLANG_ENABLE_OBJC_ARC = YES;
				CLANG_ENABLE_OBJC_WEAK = YES;
				CLANG_WARN_BLOCK_CAPTURE_AUTORELEASING = YES;
				CLANG_WARN_BOOL_CONVERSION = YES;
				CLANG_WARN_COMMA = YES;
				CLANG_WARN_CONSTANT_CONVERSION = YES;
				CLANG_WARN_DEPRECATED_OBJC_IMPLEMENTATIONS = YES;
				CLANG_WARN_DIRECT_OBJC_ISA_USAGE = YES_ERROR;
				CLANG_WARN_DOCUMENTATION_COMMENTS = YES;
				CLANG_WARN_EMPTY_BODY = YES;
				CLANG_WARN_ENUM_CONVERSION = YES;
				CLANG_WARN_INFINITE_RECURSION = YES;
				CLANG_WARN_INT_CONVERSION = YES;
				CLANG_WARN_NON_LITERAL_NULL_CONVERSION = YES;
				CLANG_WARN_OBJC_IMPLICIT_RETAIN_SELF = YES;
				CLANG_WARN_OBJC_LITERAL_CONVERSION = YES;
				CLANG_WARN_OBJC_ROOT_CLASS = YES_ERROR;
				CLANG_WARN_QUOTED_INCLUDE_IN_FRAMEWORK_HEADER = YES;
				CLANG_WARN_RANGE_LOOP_ANALYSIS = YES;
				CLANG_WARN_STRICT_PROTOTYPES = YES;
				CLANG_WARN_SUSPICIOUS_MOVE = YES;
				CLANG_WARN_UNGUARDED_AVAILABILITY = YES_AGGRESSIVE;
				CLANG_WARN_UNREACHABLE_CODE = YES;
				CLANG_WARN__DUPLICATE_METHOD_MATCH = YES;
				COPY_PHASE_STRIP = NO;
				DEBUG_INFORMATION_FORMAT = dwarf;
				ENABLE_STRICT_OBJC_MSGSEND = YES;
				ENABLE_TESTABILITY = YES;
				ENABLE_USER_SCRIPT_SANDBOXING = YES;
				GCC_C_LANGUAGE_STANDARD = gnu17;
				GCC_DYNAMIC_NO_PIC = NO;
				GCC_NO_COMMON_BLOCKS = YES;
				GCC_OPTIMIZATION_LEVEL = 0;
				GCC_PREPROCESSOR_DEFINITIONS = (
					"DEBUG=1",
					"$(inherited)",
				);
				GCC_WARN_64_TO_32_BIT_CONVERSION = YES;
				GCC_WARN_ABOUT_RETURN_TYPE = YES_ERROR;
				GCC_WARN_UNDECLARED_SELECTOR = YES;
				GCC_WARN_UNINITIALIZED_AUTOS = YES_AGGRESSIVE;
				GCC_WARN_UNUSED_FUNCTION = YES;
				GCC_WARN_UNUSED_VARIABLE = YES;
				IPHONEOS_DEPLOYMENT_TARGET = 17.2;
				LOCALIZATION_PREFERS_STRING_CATALOGS = YES;
				MTL_ENABLE_DEBUG_INFO = INCLUDE_SOURCE;
				MTL_FAST_MATH = YES;
				ONLY_ACTIVE_ARCH = YES;
				SDKROOT = iphoneos;
				SWIFT_ACTIVE_COMPILATION_CONDITIONS = "DEBUG $(inherited)";
				SWIFT_OPTIMIZATION_LEVEL = "-Onone";
			};
			name = Debug;
		};
		6CE135B12CAEB8AB006E1F28 /* Release */ = {
			isa = XCBuildConfiguration;
			buildSettings = {
				ALWAYS_SEARCH_USER_PATHS = NO;
				ASSETCATALOG_COMPILER_GENERATE_SWIFT_ASSET_SYMBOL_EXTENSIONS = YES;
				CLANG_ANALYZER_NONNULL = YES;
				CLANG_ANALYZER_NUMBER_OBJECT_CONVERSION = YES_AGGRESSIVE;
				CLANG_CXX_LANGUAGE_STANDARD = "gnu++20";
				CLANG_ENABLE_MODULES = YES;
				CLANG_ENABLE_OBJC_ARC = YES;
				CLANG_ENABLE_OBJC_WEAK = YES;
				CLANG_WARN_BLOCK_CAPTURE_AUTORELEASING = YES;
				CLANG_WARN_BOOL_CONVERSION = YES;
				CLANG_WARN_COMMA = YES;
				CLANG_WARN_CONSTANT_CONVERSION = YES;
				CLANG_WARN_DEPRECATED_OBJC_IMPLEMENTATIONS = YES;
				CLANG_WARN_DIRECT_OBJC_ISA_USAGE = YES_ERROR;
				CLANG_WARN_DOCUMENTATION_COMMENTS = YES;
				CLANG_WARN_EMPTY_BODY = YES;
				CLANG_WARN_ENUM_CONVERSION = YES;
				CLANG_WARN_INFINITE_RECURSION = YES;
				CLANG_WARN_INT_CONVERSION = YES;
				CLANG_WARN_NON_LITERAL_NULL_CONVERSION = YES;
				CLANG_WARN_OBJC_IMPLICIT_RETAIN_SELF = YES;
				CLANG_WARN_OBJC_LITERAL_CONVERSION = YES;
				CLANG_WARN_OBJC_ROOT_CLASS = YES_ERROR;
				CLANG_WARN_QUOTED_INCLUDE_IN_FRAMEWORK_HEADER = YES;
				CLANG_WARN_RANGE_LOOP_ANALYSIS = YES;
				CLANG_WARN_STRICT_PROTOTYPES = YES;
				CLANG_WARN_SUSPICIOUS_MOVE = YES;
				CLANG_WARN_UNGUARDED_AVAILABILITY = YES_AGGRESSIVE;
				CLANG_WARN_UNREACHABLE_CODE = YES;
				CLANG_WARN__DUPLICATE_METHOD_MATCH = YES;
				COPY_PHASE_STRIP = NO;
				DEBUG_INFORMATION_FORMAT = "dwarf-with-dsym";
				ENABLE_NS_ASSERTIONS = NO;
				ENABLE_STRICT_OBJC_MSGSEND = YES;
				ENABLE_USER_SCRIPT_SANDBOXING = YES;
				GCC_C_LANGUAGE_STANDARD = gnu17;
				GCC_NO_COMMON_BLOCKS = YES;
				GCC_WARN_64_TO_32_BIT_CONVERSION = YES;
				GCC_WARN_ABOUT_RETURN_TYPE = YES_ERROR;
				GCC_WARN_UNDECLARED_SELECTOR = YES;
				GCC_WARN_UNINITIALIZED_AUTOS = YES_AGGRESSIVE;
				GCC_WARN_UNUSED_FUNCTION = YES;
				GCC_WARN_UNUSED_VARIABLE = YES;
				IPHONEOS_DEPLOYMENT_TARGET = 17.2;
				LOCALIZATION_PREFERS_STRING_CATALOGS = YES;
				MTL_ENABLE_DEBUG_INFO = NO;
				MTL_FAST_MATH = YES;
				SDKROOT = iphoneos;
				SWIFT_COMPILATION_MODE = wholemodule;
				VALIDATE_PRODUCT = YES;
			};
			name = Release;
		};
		6CE135B32CAEB8AB006E1F28 /* Debug */ = {
			isa = XCBuildConfiguration;
			buildSettings = {
				ASSETCATALOG_COMPILER_APPICON_NAME = AppIcon;
				ASSETCATALOG_COMPILER_GLOBAL_ACCENT_COLOR_NAME = AccentColor;
				CODE_SIGN_STYLE = Automatic;
				CURRENT_PROJECT_VERSION = 1;
				DEVELOPMENT_ASSET_PATHS = "\"SawitPRO_tech_test/Preview Content\"";
				DEVELOPMENT_TEAM = RD8PH358JV;
				ENABLE_PREVIEWS = YES;
				GENERATE_INFOPLIST_FILE = YES;
				INFOPLIST_KEY_UIApplicationSceneManifest_Generation = YES;
				INFOPLIST_KEY_UIApplicationSupportsIndirectInputEvents = YES;
				INFOPLIST_KEY_UILaunchScreen_Generation = YES;
				INFOPLIST_KEY_UISupportedInterfaceOrientations_iPad = "UIInterfaceOrientationPortrait UIInterfaceOrientationPortraitUpsideDown UIInterfaceOrientationLandscapeLeft UIInterfaceOrientationLandscapeRight";
				INFOPLIST_KEY_UISupportedInterfaceOrientations_iPhone = "UIInterfaceOrientationPortrait UIInterfaceOrientationLandscapeLeft UIInterfaceOrientationLandscapeRight";
				LD_RUNPATH_SEARCH_PATHS = (
					"$(inherited)",
					"@executable_path/Frameworks",
				);
				MARKETING_VERSION = 1.0;
				PRODUCT_BUNDLE_IDENTIFIER = "com.daniel.sawitpro.SawitPRO-tech-test";
				PRODUCT_NAME = "$(TARGET_NAME)";
				SWIFT_EMIT_LOC_STRINGS = YES;
				SWIFT_VERSION = 5.0;
				TARGETED_DEVICE_FAMILY = "1,2";
			};
			name = Debug;
		};
		6CE135B42CAEB8AB006E1F28 /* Release */ = {
			isa = XCBuildConfiguration;
			buildSettings = {
				ASSETCATALOG_COMPILER_APPICON_NAME = AppIcon;
				ASSETCATALOG_COMPILER_GLOBAL_ACCENT_COLOR_NAME = AccentColor;
				CODE_SIGN_STYLE = Automatic;
				CURRENT_PROJECT_VERSION = 1;
				DEVELOPMENT_ASSET_PATHS = "\"SawitPRO_tech_test/Preview Content\"";
				DEVELOPMENT_TEAM = RD8PH358JV;
				ENABLE_PREVIEWS = YES;
				GENERATE_INFOPLIST_FILE = YES;
				INFOPLIST_KEY_UIApplicationSceneManifest_Generation = YES;
				INFOPLIST_KEY_UIApplicationSupportsIndirectInputEvents = YES;
				INFOPLIST_KEY_UILaunchScreen_Generation = YES;
				INFOPLIST_KEY_UISupportedInterfaceOrientations_iPad = "UIInterfaceOrientationPortrait UIInterfaceOrientationPortraitUpsideDown UIInterfaceOrientationLandscapeLeft UIInterfaceOrientationLandscapeRight";
				INFOPLIST_KEY_UISupportedInterfaceOrientations_iPhone = "UIInterfaceOrientationPortrait UIInterfaceOrientationLandscapeLeft UIInterfaceOrientationLandscapeRight";
				LD_RUNPATH_SEARCH_PATHS = (
					"$(inherited)",
					"@executable_path/Frameworks",
				);
				MARKETING_VERSION = 1.0;
				PRODUCT_BUNDLE_IDENTIFIER = "com.daniel.sawitpro.SawitPRO-tech-test";
				PRODUCT_NAME = "$(TARGET_NAME)";
				SWIFT_EMIT_LOC_STRINGS = YES;
				SWIFT_VERSION = 5.0;
				TARGETED_DEVICE_FAMILY = "1,2";
			};
			name = Release;
		};
		6CE135B62CAEB8AB006E1F28 /* Debug */ = {
			isa = XCBuildConfiguration;
			buildSettings = {
				ALWAYS_EMBED_SWIFT_STANDARD_LIBRARIES = YES;
				BUNDLE_LOADER = "$(TEST_HOST)";
				CODE_SIGN_STYLE = Automatic;
				CURRENT_PROJECT_VERSION = 1;
				DEVELOPMENT_TEAM = RD8PH358JV;
				GENERATE_INFOPLIST_FILE = YES;
				IPHONEOS_DEPLOYMENT_TARGET = 17.2;
				MARKETING_VERSION = 1.0;
				PRODUCT_BUNDLE_IDENTIFIER = "com.daniel.sawitpro.SawitPRO-tech-testTests";
				PRODUCT_NAME = "$(TARGET_NAME)";
				SWIFT_EMIT_LOC_STRINGS = NO;
				SWIFT_VERSION = 5.0;
				TARGETED_DEVICE_FAMILY = "1,2";
				TEST_HOST = "$(BUILT_PRODUCTS_DIR)/SawitPRO_tech_test.app/$(BUNDLE_EXECUTABLE_FOLDER_PATH)/SawitPRO_tech_test";
			};
			name = Debug;
		};
		6CE135B72CAEB8AB006E1F28 /* Release */ = {
			isa = XCBuildConfiguration;
			buildSettings = {
				ALWAYS_EMBED_SWIFT_STANDARD_LIBRARIES = YES;
				BUNDLE_LOADER = "$(TEST_HOST)";
				CODE_SIGN_STYLE = Automatic;
				CURRENT_PROJECT_VERSION = 1;
				DEVELOPMENT_TEAM = RD8PH358JV;
				GENERATE_INFOPLIST_FILE = YES;
				IPHONEOS_DEPLOYMENT_TARGET = 17.2;
				MARKETING_VERSION = 1.0;
				PRODUCT_BUNDLE_IDENTIFIER = "com.daniel.sawitpro.SawitPRO-tech-testTests";
				PRODUCT_NAME = "$(TARGET_NAME)";
				SWIFT_EMIT_LOC_STRINGS = NO;
				SWIFT_VERSION = 5.0;
				TARGETED_DEVICE_FAMILY = "1,2";
				TEST_HOST = "$(BUILT_PRODUCTS_DIR)/SawitPRO_tech_test.app/$(BUNDLE_EXECUTABLE_FOLDER_PATH)/SawitPRO_tech_test";
			};
			name = Release;
		};
		6CE135B92CAEB8AB006E1F28 /* Debug */ = {
			isa = XCBuildConfiguration;
			buildSettings = {
				ALWAYS_EMBED_SWIFT_STANDARD_LIBRARIES = YES;
				CODE_SIGN_STYLE = Automatic;
				CURRENT_PROJECT_VERSION = 1;
				DEVELOPMENT_TEAM = RD8PH358JV;
				GENERATE_INFOPLIST_FILE = YES;
				MARKETING_VERSION = 1.0;
				PRODUCT_BUNDLE_IDENTIFIER = "com.daniel.sawitpro.SawitPRO-tech-testUITests";
				PRODUCT_NAME = "$(TARGET_NAME)";
				SWIFT_EMIT_LOC_STRINGS = NO;
				SWIFT_VERSION = 5.0;
				TARGETED_DEVICE_FAMILY = "1,2";
				TEST_TARGET_NAME = SawitPRO_tech_test;
			};
			name = Debug;
		};
		6CE135BA2CAEB8AB006E1F28 /* Release */ = {
			isa = XCBuildConfiguration;
			buildSettings = {
				ALWAYS_EMBED_SWIFT_STANDARD_LIBRARIES = YES;
				CODE_SIGN_STYLE = Automatic;
				CURRENT_PROJECT_VERSION = 1;
				DEVELOPMENT_TEAM = RD8PH358JV;
				GENERATE_INFOPLIST_FILE = YES;
				MARKETING_VERSION = 1.0;
				PRODUCT_BUNDLE_IDENTIFIER = "com.daniel.sawitpro.SawitPRO-tech-testUITests";
				PRODUCT_NAME = "$(TARGET_NAME)";
				SWIFT_EMIT_LOC_STRINGS = NO;
				SWIFT_VERSION = 5.0;
				TARGETED_DEVICE_FAMILY = "1,2";
				TEST_TARGET_NAME = SawitPRO_tech_test;
			};
			name = Release;
		};
/* End XCBuildConfiguration section */

/* Begin XCConfigurationList section */
		6CE135872CAEB8A9006E1F28 /* Build configuration list for PBXProject "SawitPRO_tech_test" */ = {
			isa = XCConfigurationList;
			buildConfigurations = (
				6CE135B02CAEB8AB006E1F28 /* Debug */,
				6CE135B12CAEB8AB006E1F28 /* Release */,
			);
			defaultConfigurationIsVisible = 0;
			defaultConfigurationName = Release;
		};
		6CE135B22CAEB8AB006E1F28 /* Build configuration list for PBXNativeTarget "SawitPRO_tech_test" */ = {
			isa = XCConfigurationList;
			buildConfigurations = (
				6CE135B32CAEB8AB006E1F28 /* Debug */,
				6CE135B42CAEB8AB006E1F28 /* Release */,
			);
			defaultConfigurationIsVisible = 0;
			defaultConfigurationName = Release;
		};
		6CE135B52CAEB8AB006E1F28 /* Build configuration list for PBXNativeTarget "SawitPRO_tech_testTests" */ = {
			isa = XCConfigurationList;
			buildConfigurations = (
				6CE135B62CAEB8AB006E1F28 /* Debug */,
				6CE135B72CAEB8AB006E1F28 /* Release */,
			);
			defaultConfigurationIsVisible = 0;
			defaultConfigurationName = Release;
		};
		6CE135B82CAEB8AB006E1F28 /* Build configuration list for PBXNativeTarget "SawitPRO_tech_testUITests" */ = {
			isa = XCConfigurationList;
			buildConfigurations = (
				6CE135B92CAEB8AB006E1F28 /* Debug */,
				6CE135BA2CAEB8AB006E1F28 /* Release */,
			);
			defaultConfigurationIsVisible = 0;
			defaultConfigurationName = Release;
		};
/* End XCConfigurationList section */
	};
	rootObject = 6CE135842CAEB8A9006E1F28 /* Project object */;
}
