// !$*UTF8*$!
{
	archiveVersion = 1;
	classes = {
	};
	objectVersion = 56;
	objects = {

/* Begin PBXBuildFile section */
		6C9FF3072CB0011300670CD4 /* HomeViewModel.swift in Sources */ = {isa = PBXBuildFile; fileRef = 6C9FF3062CB0011300670CD4 /* HomeViewModel.swift */; };
		6C9FF30A2CB0012200670CD4 /* HomeView.swift in Sources */ = {isa = PBXBuildFile; fileRef = 6C9FF3092CB0012200670CD4 /* HomeView.swift */; };
		6C9FF30C2CB0012C00670CD4 /* ProductItem.swift in Sources */ = {isa = PBXBuildFile; fileRef = 6C9FF30B2CB0012C00670CD4 /* ProductItem.swift */; };
		6C9FF30E2CB004C900670CD4 /* FilterView.swift in Sources */ = {isa = PBXBuildFile; fileRef = 6C9FF30D2CB004C900670CD4 /* FilterView.swift */; };
		6C9FF3102CB006AA00670CD4 /* ProductData.swift in Sources */ = {isa = PBXBuildFile; fileRef = 6C9FF30F2CB006AA00670CD4 /* ProductData.swift */; };
		6C9FF3122CB00F0000670CD4 /* ManageProductView.swift in Sources */ = {isa = PBXBuildFile; fileRef = 6C9FF3112CB00F0000670CD4 /* ManageProductView.swift */; };
		6C9FF3142CB013C500670CD4 /* IntExt.swift in Sources */ = {isa = PBXBuildFile; fileRef = 6C9FF3132CB013C500670CD4 /* IntExt.swift */; };
		6C9FF3172CB0315000670CD4 /* SwiftDataManager.swift in Sources */ = {isa = PBXBuildFile; fileRef = 6C9FF3162CB0315000670CD4 /* SwiftDataManager.swift */; };
		6C9FF31B2CB03D6300670CD4 /* LoginRepository.swift in Sources */ = {isa = PBXBuildFile; fileRef = 6C9FF31A2CB03D6300670CD4 /* LoginRepository.swift */; };
		6C9FF3202CB04C6300670CD4 /* RootCoordinator.swift in Sources */ = {isa = PBXBuildFile; fileRef = 6C9FF31F2CB04C6300670CD4 /* RootCoordinator.swift */; };
		6C9FF3222CB04E2000670CD4 /* DI.swift in Sources */ = {isa = PBXBuildFile; fileRef = 6C9FF3212CB04E2000670CD4 /* DI.swift */; };
		6C9FF3242CB061A600670CD4 /* HomeRepository.swift in Sources */ = {isa = PBXBuildFile; fileRef = 6C9FF3232CB061A600670CD4 /* HomeRepository.swift */; };
		6C9FF3272CB07EC900670CD4 /* Connectivity.swift in Sources */ = {isa = PBXBuildFile; fileRef = 6C9FF3262CB07EC900670CD4 /* Connectivity.swift */; };
		6C9FF3292CB1285E00670CD4 /* GoogleService-Info.plist in Resources */ = {isa = PBXBuildFile; fileRef = 6C9FF3282CB1285E00670CD4 /* GoogleService-Info.plist */; };
		6C9FF32B2CB128D000670CD4 /* FirebaseDatabase in Frameworks */ = {isa = PBXBuildFile; productRef = 6C9FF32A2CB128D000670CD4 /* FirebaseDatabase */; };
		6C9FF32D2CB128D000670CD4 /* FirebaseFirestore in Frameworks */ = {isa = PBXBuildFile; productRef = 6C9FF32C2CB128D000670CD4 /* FirebaseFirestore */; };
		6C9FF32F2CB128D000670CD4 /* FirebaseStorage in Frameworks */ = {isa = PBXBuildFile; productRef = 6C9FF32E2CB128D000670CD4 /* FirebaseStorage */; };
		6C9FF3312CB1292F00670CD4 /* FirebaseCore in Frameworks */ = {isa = PBXBuildFile; productRef = 6C9FF3302CB1292F00670CD4 /* FirebaseCore */; };
		6C9FF3332CB12F9000670CD4 /* FirestoreManager.swift in Sources */ = {isa = PBXBuildFile; fileRef = 6C9FF3322CB12F9000670CD4 /* FirestoreManager.swift */; };
		6C9FF3362CB12FDD00670CD4 /* FirestoreModel.swift in Sources */ = {isa = PBXBuildFile; fileRef = 6C9FF3352CB12FDD00670CD4 /* FirestoreModel.swift */; };
		6C9FF3392CB1301B00670CD4 /* ProductFM.swift in Sources */ = {isa = PBXBuildFile; fileRef = 6C9FF3382CB1301B00670CD4 /* ProductFM.swift */; };
		6C9FF33C2CB14D3200670CD4 /* Localizable.xcstrings in Resources */ = {isa = PBXBuildFile; fileRef = 6C9FF33B2CB14D3200670CD4 /* Localizable.xcstrings */; };
		6C9FF33E2CB14D6200670CD4 /* LocalizedManager.swift in Sources */ = {isa = PBXBuildFile; fileRef = 6C9FF33D2CB14D6200670CD4 /* LocalizedManager.swift */; };
		6C9FF3402CB159AE00670CD4 /* EncryptionManager.swift in Sources */ = {isa = PBXBuildFile; fileRef = 6C9FF33F2CB159AE00670CD4 /* EncryptionManager.swift */; };
		6C9FF3442CB1697C00670CD4 /* ViewExtSpec.swift in Sources */ = {isa = PBXBuildFile; fileRef = 6C9FF3432CB1697C00670CD4 /* ViewExtSpec.swift */; };
		6C9FF3472CB169BD00670CD4 /* MockView.swift in Sources */ = {isa = PBXBuildFile; fileRef = 6C9FF3462CB169BD00670CD4 /* MockView.swift */; };
		6C9FF3492CB16B4600670CD4 /* IntExtSpec.swift in Sources */ = {isa = PBXBuildFile; fileRef = 6C9FF3482CB16B4600670CD4 /* IntExtSpec.swift */; };
		6C9FF34B2CB16ECB00670CD4 /* NWPathMonitorExt.swift in Sources */ = {isa = PBXBuildFile; fileRef = 6C9FF34A2CB16ECB00670CD4 /* NWPathMonitorExt.swift */; };
		6C9FF34E2CB16FFC00670CD4 /* DITestHelper.swift in Sources */ = {isa = PBXBuildFile; fileRef = 6C9FF34D2CB16FFC00670CD4 /* DITestHelper.swift */; };
		6C9FF3502CB171B600670CD4 /* MockPathMonitor.swift in Sources */ = {isa = PBXBuildFile; fileRef = 6C9FF34F2CB171B600670CD4 /* MockPathMonitor.swift */; };
		6C9FF3532CB1728A00670CD4 /* ConnectivitySpec.swift in Sources */ = {isa = PBXBuildFile; fileRef = 6C9FF3522CB1728A00670CD4 /* ConnectivitySpec.swift */; };
		6C9FF3552CB17A9E00670CD4 /* ModelContextExt.swift in Sources */ = {isa = PBXBuildFile; fileRef = 6C9FF3542CB17A9E00670CD4 /* ModelContextExt.swift */; };
		6C9FF3572CB17B2700670CD4 /* MockModelContext.swift in Sources */ = {isa = PBXBuildFile; fileRef = 6C9FF3562CB17B2700670CD4 /* MockModelContext.swift */; };
		6C9FF3592CB17BA100670CD4 /* SwiftDataManagerSpec.swift in Sources */ = {isa = PBXBuildFile; fileRef = 6C9FF3582CB17BA100670CD4 /* SwiftDataManagerSpec.swift */; };
		6C9FF35B2CB17EC000670CD4 /* Factories.swift in Sources */ = {isa = PBXBuildFile; fileRef = 6C9FF35A2CB17EC000670CD4 /* Factories.swift */; };
		6C9FF35F2CB183E900670CD4 /* UserDataManager.swift in Sources */ = {isa = PBXBuildFile; fileRef = 6C9FF35E2CB183E900670CD4 /* UserDataManager.swift */; };
		6C9FF3612CB184FC00670CD4 /* MockUserDataManager.swift in Sources */ = {isa = PBXBuildFile; fileRef = 6C9FF3602CB184FC00670CD4 /* MockUserDataManager.swift */; };
		6C9FF3652CB185B900670CD4 /* LoginRepositorySpec.swift in Sources */ = {isa = PBXBuildFile; fileRef = 6C9FF3642CB185B900670CD4 /* LoginRepositorySpec.swift */; };
		6C9FF3672CB1887B00670CD4 /* MockLoginRepository.swift in Sources */ = {isa = PBXBuildFile; fileRef = 6C9FF3662CB1887B00670CD4 /* MockLoginRepository.swift */; };
		6C9FF3692CB188A900670CD4 /* LoginViewModelSpec.swift in Sources */ = {isa = PBXBuildFile; fileRef = 6C9FF3682CB188A900670CD4 /* LoginViewModelSpec.swift */; };
		6C9FF36B2CB18C6C00670CD4 /* MockEncryptionManager.swift in Sources */ = {isa = PBXBuildFile; fileRef = 6C9FF36A2CB18C6C00670CD4 /* MockEncryptionManager.swift */; };
		6CE135902CAEB8A9006E1F28 /* SawitPROApp.swift in Sources */ = {isa = PBXBuildFile; fileRef = 6CE1358F2CAEB8A9006E1F28 /* SawitPROApp.swift */; };
		6CE135962CAEB8AA006E1F28 /* Assets.xcassets in Resources */ = {isa = PBXBuildFile; fileRef = 6CE135952CAEB8AA006E1F28 /* Assets.xcassets */; };
		6CE135992CAEB8AA006E1F28 /* Preview Assets.xcassets in Resources */ = {isa = PBXBuildFile; fileRef = 6CE135982CAEB8AA006E1F28 /* Preview Assets.xcassets */; };
		6CE135AD2CAEB8AB006E1F28 /* SawitPRO_tech_testUITests.swift in Sources */ = {isa = PBXBuildFile; fileRef = 6CE135AC2CAEB8AB006E1F28 /* SawitPRO_tech_testUITests.swift */; };
		6CE135AF2CAEB8AB006E1F28 /* SawitPRO_tech_testUITestsLaunchTests.swift in Sources */ = {isa = PBXBuildFile; fileRef = 6CE135AE2CAEB8AB006E1F28 /* SawitPRO_tech_testUITestsLaunchTests.swift */; };
		6CE135C12CAEC114006E1F28 /* LoginCoordinator.swift in Sources */ = {isa = PBXBuildFile; fileRef = 6CE135C02CAEC114006E1F28 /* LoginCoordinator.swift */; };
		6CE135C42CAEC157006E1F28 /* LoginView.swift in Sources */ = {isa = PBXBuildFile; fileRef = 6CE135C32CAEC157006E1F28 /* LoginView.swift */; };
		6CE135C62CAEC161006E1F28 /* LoginViewModel.swift in Sources */ = {isa = PBXBuildFile; fileRef = 6CE135C52CAEC161006E1F28 /* LoginViewModel.swift */; };
		6CE135C92CAEDB1C006E1F28 /* HomeCoordinator.swift in Sources */ = {isa = PBXBuildFile; fileRef = 6CE135C82CAEDB1C006E1F28 /* HomeCoordinator.swift */; };
		6CE135CC2CAEDCFC006E1F28 /* ViewExt.swift in Sources */ = {isa = PBXBuildFile; fileRef = 6CE135CB2CAEDCFC006E1F28 /* ViewExt.swift */; };
		6CE135CF2CAEDDE1006E1F28 /* ViewDidLoadModifier.swift in Sources */ = {isa = PBXBuildFile; fileRef = 6CE135CE2CAEDDE1006E1F28 /* ViewDidLoadModifier.swift */; };
		6CE135D22CAEDEF5006E1F28 /* User.swift in Sources */ = {isa = PBXBuildFile; fileRef = 6CE135D12CAEDEF5006E1F28 /* User.swift */; };
		6CE135D52CAEE35C006E1F28 /* EmptyNavigationLink.swift in Sources */ = {isa = PBXBuildFile; fileRef = 6CE135D42CAEE35C006E1F28 /* EmptyNavigationLink.swift */; };
		6CE135DA2CAEF843006E1F28 /* NonWhitespaceString.swift in Sources */ = {isa = PBXBuildFile; fileRef = 6CE135D92CAEF843006E1F28 /* NonWhitespaceString.swift */; };
		6CE135DC2CAEF911006E1F28 /* StringExt.swift in Sources */ = {isa = PBXBuildFile; fileRef = 6CE135DB2CAEF911006E1F28 /* StringExt.swift */; };
		6CE135DF2CAEF994006E1F28 /* UserData.swift in Sources */ = {isa = PBXBuildFile; fileRef = 6CE135DE2CAEF994006E1F28 /* UserData.swift */; };
		6CF001F82CAFC6F500E1E5B9 /* Snackbar.swift in Sources */ = {isa = PBXBuildFile; fileRef = 6CF001F72CAFC6F500E1E5B9 /* Snackbar.swift */; };
		6CF001FD2CAFF48400E1E5B9 /* KeychainManager.swift in Sources */ = {isa = PBXBuildFile; fileRef = 6CF001FC2CAFF48400E1E5B9 /* KeychainManager.swift */; };
/* End PBXBuildFile section */

/* Begin PBXContainerItemProxy section */
		6CE1359F2CAEB8AB006E1F28 /* PBXContainerItemProxy */ = {
			isa = PBXContainerItemProxy;
			containerPortal = 6CE135842CAEB8A9006E1F28 /* Project object */;
			proxyType = 1;
			remoteGlobalIDString = 6CE1358B2CAEB8A9006E1F28;
			remoteInfo = SawitPRO_tech_test;
		};
		6CE135A92CAEB8AB006E1F28 /* PBXContainerItemProxy */ = {
			isa = PBXContainerItemProxy;
			containerPortal = 6CE135842CAEB8A9006E1F28 /* Project object */;
			proxyType = 1;
			remoteGlobalIDString = 6CE1358B2CAEB8A9006E1F28;
			remoteInfo = SawitPRO_tech_test;
		};
/* End PBXContainerItemProxy section */

/* Begin PBXFileReference section */
		6C9FF3052CAFFB1E00670CD4 /* SawitPRO_tech_test.entitlements */ = {isa = PBXFileReference; lastKnownFileType = text.plist.entitlements; path = SawitPRO_tech_test.entitlements; sourceTree = "<group>"; };
		6C9FF3062CB0011300670CD4 /* HomeViewModel.swift */ = {isa = PBXFileReference; lastKnownFileType = sourcecode.swift; path = HomeViewModel.swift; sourceTree = "<group>"; };
		6C9FF3092CB0012200670CD4 /* HomeView.swift */ = {isa = PBXFileReference; lastKnownFileType = sourcecode.swift; path = HomeView.swift; sourceTree = "<group>"; };
		6C9FF30B2CB0012C00670CD4 /* ProductItem.swift */ = {isa = PBXFileReference; lastKnownFileType = sourcecode.swift; path = ProductItem.swift; sourceTree = "<group>"; };
		6C9FF30D2CB004C900670CD4 /* FilterView.swift */ = {isa = PBXFileReference; lastKnownFileType = sourcecode.swift; path = FilterView.swift; sourceTree = "<group>"; };
		6C9FF30F2CB006AA00670CD4 /* ProductData.swift */ = {isa = PBXFileReference; lastKnownFileType = sourcecode.swift; path = ProductData.swift; sourceTree = "<group>"; };
		6C9FF3112CB00F0000670CD4 /* ManageProductView.swift */ = {isa = PBXFileReference; lastKnownFileType = sourcecode.swift; path = ManageProductView.swift; sourceTree = "<group>"; };
		6C9FF3132CB013C500670CD4 /* IntExt.swift */ = {isa = PBXFileReference; lastKnownFileType = sourcecode.swift; path = IntExt.swift; sourceTree = "<group>"; };
		6C9FF3162CB0315000670CD4 /* SwiftDataManager.swift */ = {isa = PBXFileReference; lastKnownFileType = sourcecode.swift; path = SwiftDataManager.swift; sourceTree = "<group>"; };
		6C9FF31A2CB03D6300670CD4 /* LoginRepository.swift */ = {isa = PBXFileReference; lastKnownFileType = sourcecode.swift; path = LoginRepository.swift; sourceTree = "<group>"; };
		6C9FF31F2CB04C6300670CD4 /* RootCoordinator.swift */ = {isa = PBXFileReference; lastKnownFileType = sourcecode.swift; path = RootCoordinator.swift; sourceTree = "<group>"; };
		6C9FF3212CB04E2000670CD4 /* DI.swift */ = {isa = PBXFileReference; lastKnownFileType = sourcecode.swift; path = DI.swift; sourceTree = "<group>"; };
		6C9FF3232CB061A600670CD4 /* HomeRepository.swift */ = {isa = PBXFileReference; lastKnownFileType = sourcecode.swift; path = HomeRepository.swift; sourceTree = "<group>"; };
		6C9FF3262CB07EC900670CD4 /* Connectivity.swift */ = {isa = PBXFileReference; lastKnownFileType = sourcecode.swift; path = Connectivity.swift; sourceTree = "<group>"; };
		6C9FF3282CB1285E00670CD4 /* GoogleService-Info.plist */ = {isa = PBXFileReference; fileEncoding = 4; lastKnownFileType = text.plist.xml; path = "GoogleService-Info.plist"; sourceTree = "<group>"; };
		6C9FF3322CB12F9000670CD4 /* FirestoreManager.swift */ = {isa = PBXFileReference; lastKnownFileType = sourcecode.swift; path = FirestoreManager.swift; sourceTree = "<group>"; };
		6C9FF3352CB12FDD00670CD4 /* FirestoreModel.swift */ = {isa = PBXFileReference; lastKnownFileType = sourcecode.swift; path = FirestoreModel.swift; sourceTree = "<group>"; };
		6C9FF3382CB1301B00670CD4 /* ProductFM.swift */ = {isa = PBXFileReference; lastKnownFileType = sourcecode.swift; path = ProductFM.swift; sourceTree = "<group>"; };
		6C9FF33B2CB14D3200670CD4 /* Localizable.xcstrings */ = {isa = PBXFileReference; lastKnownFileType = text.json.xcstrings; path = Localizable.xcstrings; sourceTree = "<group>"; };
		6C9FF33D2CB14D6200670CD4 /* LocalizedManager.swift */ = {isa = PBXFileReference; lastKnownFileType = sourcecode.swift; path = LocalizedManager.swift; sourceTree = "<group>"; };
		6C9FF33F2CB159AE00670CD4 /* EncryptionManager.swift */ = {isa = PBXFileReference; lastKnownFileType = sourcecode.swift; path = EncryptionManager.swift; sourceTree = "<group>"; };
		6C9FF3432CB1697C00670CD4 /* ViewExtSpec.swift */ = {isa = PBXFileReference; lastKnownFileType = sourcecode.swift; path = ViewExtSpec.swift; sourceTree = "<group>"; };
		6C9FF3462CB169BD00670CD4 /* MockView.swift */ = {isa = PBXFileReference; lastKnownFileType = sourcecode.swift; path = MockView.swift; sourceTree = "<group>"; };
		6C9FF3482CB16B4600670CD4 /* IntExtSpec.swift */ = {isa = PBXFileReference; lastKnownFileType = sourcecode.swift; path = IntExtSpec.swift; sourceTree = "<group>"; };
		6C9FF34A2CB16ECB00670CD4 /* NWPathMonitorExt.swift */ = {isa = PBXFileReference; lastKnownFileType = sourcecode.swift; path = NWPathMonitorExt.swift; sourceTree = "<group>"; };
		6C9FF34D2CB16FFC00670CD4 /* DITestHelper.swift */ = {isa = PBXFileReference; lastKnownFileType = sourcecode.swift; path = DITestHelper.swift; sourceTree = "<group>"; };
		6C9FF34F2CB171B600670CD4 /* MockPathMonitor.swift */ = {isa = PBXFileReference; lastKnownFileType = sourcecode.swift; path = MockPathMonitor.swift; sourceTree = "<group>"; };
		6C9FF3522CB1728A00670CD4 /* ConnectivitySpec.swift */ = {isa = PBXFileReference; lastKnownFileType = sourcecode.swift; path = ConnectivitySpec.swift; sourceTree = "<group>"; };
		6C9FF3542CB17A9E00670CD4 /* ModelContextExt.swift */ = {isa = PBXFileReference; lastKnownFileType = sourcecode.swift; path = ModelContextExt.swift; sourceTree = "<group>"; };
		6C9FF3562CB17B2700670CD4 /* MockModelContext.swift */ = {isa = PBXFileReference; lastKnownFileType = sourcecode.swift; path = MockModelContext.swift; sourceTree = "<group>"; };
		6C9FF3582CB17BA100670CD4 /* SwiftDataManagerSpec.swift */ = {isa = PBXFileReference; lastKnownFileType = sourcecode.swift; path = SwiftDataManagerSpec.swift; sourceTree = "<group>"; };
		6C9FF35A2CB17EC000670CD4 /* Factories.swift */ = {isa = PBXFileReference; lastKnownFileType = sourcecode.swift; path = Factories.swift; sourceTree = "<group>"; };
		6C9FF35E2CB183E900670CD4 /* UserDataManager.swift */ = {isa = PBXFileReference; lastKnownFileType = sourcecode.swift; path = UserDataManager.swift; sourceTree = "<group>"; };
		6C9FF3602CB184FC00670CD4 /* MockUserDataManager.swift */ = {isa = PBXFileReference; lastKnownFileType = sourcecode.swift; path = MockUserDataManager.swift; sourceTree = "<group>"; };
		6C9FF3642CB185B900670CD4 /* LoginRepositorySpec.swift */ = {isa = PBXFileReference; lastKnownFileType = sourcecode.swift; path = LoginRepositorySpec.swift; sourceTree = "<group>"; };
		6C9FF3662CB1887B00670CD4 /* MockLoginRepository.swift */ = {isa = PBXFileReference; lastKnownFileType = sourcecode.swift; path = MockLoginRepository.swift; sourceTree = "<group>"; };
		6C9FF3682CB188A900670CD4 /* LoginViewModelSpec.swift */ = {isa = PBXFileReference; lastKnownFileType = sourcecode.swift; path = LoginViewModelSpec.swift; sourceTree = "<group>"; };
		6C9FF36A2CB18C6C00670CD4 /* MockEncryptionManager.swift */ = {isa = PBXFileReference; lastKnownFileType = sourcecode.swift; path = MockEncryptionManager.swift; sourceTree = "<group>"; };
		6CE1358C2CAEB8A9006E1F28 /* SawitPRO_tech_test.app */ = {isa = PBXFileReference; explicitFileType = wrapper.application; includeInIndex = 0; path = SawitPRO_tech_test.app; sourceTree = BUILT_PRODUCTS_DIR; };
		6CE1358F2CAEB8A9006E1F28 /* SawitPROApp.swift */ = {isa = PBXFileReference; lastKnownFileType = sourcecode.swift; path = SawitPROApp.swift; sourceTree = "<group>"; };
		6CE135952CAEB8AA006E1F28 /* Assets.xcassets */ = {isa = PBXFileReference; lastKnownFileType = folder.assetcatalog; path = Assets.xcassets; sourceTree = "<group>"; };
		6CE135982CAEB8AA006E1F28 /* Preview Assets.xcassets */ = {isa = PBXFileReference; lastKnownFileType = folder.assetcatalog; path = "Preview Assets.xcassets"; sourceTree = "<group>"; };
		6CE1359E2CAEB8AB006E1F28 /* SawitPRO_tech_testTests.xctest */ = {isa = PBXFileReference; explicitFileType = wrapper.cfbundle; includeInIndex = 0; path = SawitPRO_tech_testTests.xctest; sourceTree = BUILT_PRODUCTS_DIR; };
		6CE135A82CAEB8AB006E1F28 /* SawitPRO_tech_testUITests.xctest */ = {isa = PBXFileReference; explicitFileType = wrapper.cfbundle; includeInIndex = 0; path = SawitPRO_tech_testUITests.xctest; sourceTree = BUILT_PRODUCTS_DIR; };
		6CE135AC2CAEB8AB006E1F28 /* SawitPRO_tech_testUITests.swift */ = {isa = PBXFileReference; lastKnownFileType = sourcecode.swift; path = SawitPRO_tech_testUITests.swift; sourceTree = "<group>"; };
		6CE135AE2CAEB8AB006E1F28 /* SawitPRO_tech_testUITestsLaunchTests.swift */ = {isa = PBXFileReference; lastKnownFileType = sourcecode.swift; path = SawitPRO_tech_testUITestsLaunchTests.swift; sourceTree = "<group>"; };
		6CE135C02CAEC114006E1F28 /* LoginCoordinator.swift */ = {isa = PBXFileReference; lastKnownFileType = sourcecode.swift; path = LoginCoordinator.swift; sourceTree = "<group>"; };
		6CE135C32CAEC157006E1F28 /* LoginView.swift */ = {isa = PBXFileReference; lastKnownFileType = sourcecode.swift; path = LoginView.swift; sourceTree = "<group>"; };
		6CE135C52CAEC161006E1F28 /* LoginViewModel.swift */ = {isa = PBXFileReference; lastKnownFileType = sourcecode.swift; path = LoginViewModel.swift; sourceTree = "<group>"; };
		6CE135C82CAEDB1C006E1F28 /* HomeCoordinator.swift */ = {isa = PBXFileReference; lastKnownFileType = sourcecode.swift; path = HomeCoordinator.swift; sourceTree = "<group>"; };
		6CE135CB2CAEDCFC006E1F28 /* ViewExt.swift */ = {isa = PBXFileReference; lastKnownFileType = sourcecode.swift; path = ViewExt.swift; sourceTree = "<group>"; };
		6CE135CE2CAEDDE1006E1F28 /* ViewDidLoadModifier.swift */ = {isa = PBXFileReference; lastKnownFileType = sourcecode.swift; path = ViewDidLoadModifier.swift; sourceTree = "<group>"; };
		6CE135D12CAEDEF5006E1F28 /* User.swift */ = {isa = PBXFileReference; lastKnownFileType = sourcecode.swift; path = User.swift; sourceTree = "<group>"; };
		6CE135D42CAEE35C006E1F28 /* EmptyNavigationLink.swift */ = {isa = PBXFileReference; lastKnownFileType = sourcecode.swift; path = EmptyNavigationLink.swift; sourceTree = "<group>"; };
		6CE135D92CAEF843006E1F28 /* NonWhitespaceString.swift */ = {isa = PBXFileReference; lastKnownFileType = sourcecode.swift; path = NonWhitespaceString.swift; sourceTree = "<group>"; };
		6CE135DB2CAEF911006E1F28 /* StringExt.swift */ = {isa = PBXFileReference; lastKnownFileType = sourcecode.swift; path = StringExt.swift; sourceTree = "<group>"; };
		6CE135DE2CAEF994006E1F28 /* UserData.swift */ = {isa = PBXFileReference; lastKnownFileType = sourcecode.swift; path = UserData.swift; sourceTree = "<group>"; };
		6CF001F72CAFC6F500E1E5B9 /* Snackbar.swift */ = {isa = PBXFileReference; lastKnownFileType = sourcecode.swift; path = Snackbar.swift; sourceTree = "<group>"; };
		6CF001FC2CAFF48400E1E5B9 /* KeychainManager.swift */ = {isa = PBXFileReference; lastKnownFileType = sourcecode.swift; path = KeychainManager.swift; sourceTree = "<group>"; };
/* End PBXFileReference section */

/* Begin PBXFrameworksBuildPhase section */
		6CE135892CAEB8A9006E1F28 /* Frameworks */ = {
			isa = PBXFrameworksBuildPhase;
			buildActionMask = 2147483647;
			files = (
				6C9FF32B2CB128D000670CD4 /* FirebaseDatabase in Frameworks */,
				6C9FF32D2CB128D000670CD4 /* FirebaseFirestore in Frameworks */,
				6C9FF3312CB1292F00670CD4 /* FirebaseCore in Frameworks */,
				6C9FF32F2CB128D000670CD4 /* FirebaseStorage in Frameworks */,
			);
			runOnlyForDeploymentPostprocessing = 0;
		};
		6CE1359B2CAEB8AB006E1F28 /* Frameworks */ = {
			isa = PBXFrameworksBuildPhase;
			buildActionMask = 2147483647;
			files = (
			);
			runOnlyForDeploymentPostprocessing = 0;
		};
		6CE135A52CAEB8AB006E1F28 /* Frameworks */ = {
			isa = PBXFrameworksBuildPhase;
			buildActionMask = 2147483647;
			files = (
			);
			runOnlyForDeploymentPostprocessing = 0;
		};
/* End PBXFrameworksBuildPhase section */

/* Begin PBXGroup section */
		6C9FF3082CB0011700670CD4 /* View */ = {
			isa = PBXGroup;
			children = (
				6C9FF3092CB0012200670CD4 /* HomeView.swift */,
				6C9FF30B2CB0012C00670CD4 /* ProductItem.swift */,
				6C9FF30D2CB004C900670CD4 /* FilterView.swift */,
				6C9FF3112CB00F0000670CD4 /* ManageProductView.swift */,
			);
			path = View;
			sourceTree = "<group>";
		};
		6C9FF3152CB0314800670CD4 /* Manager */ = {
			isa = PBXGroup;
			children = (
				6C9FF35C2CB183D800670CD4 /* SwiftData */,
				6C9FF3262CB07EC900670CD4 /* Connectivity.swift */,
				6C9FF3212CB04E2000670CD4 /* DI.swift */,
				6C9FF33F2CB159AE00670CD4 /* EncryptionManager.swift */,
				6C9FF3322CB12F9000670CD4 /* FirestoreManager.swift */,
				6CF001FC2CAFF48400E1E5B9 /* KeychainManager.swift */,
				6C9FF33D2CB14D6200670CD4 /* LocalizedManager.swift */,
			);
			path = Manager;
			sourceTree = "<group>";
		};
		6C9FF31E2CB04C5900670CD4 /* Root */ = {
			isa = PBXGroup;
			children = (
				6C9FF31F2CB04C6300670CD4 /* RootCoordinator.swift */,
			);
			path = Root;
			sourceTree = "<group>";
		};
		6C9FF3342CB12FD100670CD4 /* Interface */ = {
			isa = PBXGroup;
			children = (
				6C9FF3352CB12FDD00670CD4 /* FirestoreModel.swift */,
			);
			path = Interface;
			sourceTree = "<group>";
		};
		6C9FF3372CB1300400670CD4 /* Firebase */ = {
			isa = PBXGroup;
			children = (
				6C9FF3342CB12FD100670CD4 /* Interface */,
				6C9FF3382CB1301B00670CD4 /* ProductFM.swift */,
			);
			path = Firebase;
			sourceTree = "<group>";
		};
		6C9FF33A2CB14D1400670CD4 /* Localized */ = {
			isa = PBXGroup;
			children = (
				6C9FF33B2CB14D3200670CD4 /* Localizable.xcstrings */,
			);
			path = Localized;
			sourceTree = "<group>";
		};
		6C9FF3412CB1691400670CD4 /* Common */ = {
			isa = PBXGroup;
			children = (
				6C9FF3512CB1724E00670CD4 /* Manager */,
				6C9FF3422CB1691A00670CD4 /* Extension */,
			);
			path = Common;
			sourceTree = "<group>";
		};
		6C9FF3422CB1691A00670CD4 /* Extension */ = {
			isa = PBXGroup;
			children = (
				6C9FF3432CB1697C00670CD4 /* ViewExtSpec.swift */,
				6C9FF3482CB16B4600670CD4 /* IntExtSpec.swift */,
			);
			path = Extension;
			sourceTree = "<group>";
		};
		6C9FF3452CB169A900670CD4 /* Mocked */ = {
			isa = PBXGroup;
			children = (
				6C9FF3462CB169BD00670CD4 /* MockView.swift */,
				6C9FF34F2CB171B600670CD4 /* MockPathMonitor.swift */,
				6C9FF3562CB17B2700670CD4 /* MockModelContext.swift */,
				6C9FF3602CB184FC00670CD4 /* MockUserDataManager.swift */,
				6C9FF3662CB1887B00670CD4 /* MockLoginRepository.swift */,
				6C9FF36A2CB18C6C00670CD4 /* MockEncryptionManager.swift */,
			);
			path = Mocked;
			sourceTree = "<group>";
		};
		6C9FF34C2CB16FF000670CD4 /* TestHelper */ = {
			isa = PBXGroup;
			children = (
				6C9FF34D2CB16FFC00670CD4 /* DITestHelper.swift */,
				6C9FF35A2CB17EC000670CD4 /* Factories.swift */,
			);
			path = TestHelper;
			sourceTree = "<group>";
		};
		6C9FF3512CB1724E00670CD4 /* Manager */ = {
			isa = PBXGroup;
			children = (
				6C9FF3522CB1728A00670CD4 /* ConnectivitySpec.swift */,
				6C9FF3582CB17BA100670CD4 /* SwiftDataManagerSpec.swift */,
			);
			path = Manager;
			sourceTree = "<group>";
		};
		6C9FF35C2CB183D800670CD4 /* SwiftData */ = {
			isa = PBXGroup;
			children = (
				6C9FF35D2CB183DF00670CD4 /* Wrapper */,
				6C9FF3162CB0315000670CD4 /* SwiftDataManager.swift */,
			);
			path = SwiftData;
			sourceTree = "<group>";
		};
		6C9FF35D2CB183DF00670CD4 /* Wrapper */ = {
			isa = PBXGroup;
			children = (
				6C9FF35E2CB183E900670CD4 /* UserDataManager.swift */,
			);
			path = Wrapper;
			sourceTree = "<group>";
		};
		6C9FF3622CB185A800670CD4 /* Module */ = {
			isa = PBXGroup;
			children = (
				6C9FF3632CB185AC00670CD4 /* Login */,
			);
			path = Module;
			sourceTree = "<group>";
		};
		6C9FF3632CB185AC00670CD4 /* Login */ = {
			isa = PBXGroup;
			children = (
				6C9FF3642CB185B900670CD4 /* LoginRepositorySpec.swift */,
				6C9FF3682CB188A900670CD4 /* LoginViewModelSpec.swift */,
			);
			path = Login;
			sourceTree = "<group>";
		};
		6CE135832CAEB8A9006E1F28 = {
			isa = PBXGroup;
			children = (
				6CE1358E2CAEB8A9006E1F28 /* SawitPRO_tech_test */,
				6CE135A12CAEB8AB006E1F28 /* SawitPRO_tech_testTests */,
				6CE135AB2CAEB8AB006E1F28 /* SawitPRO_tech_testUITests */,
				6CE1358D2CAEB8A9006E1F28 /* Products */,
			);
			sourceTree = "<group>";
		};
		6CE1358D2CAEB8A9006E1F28 /* Products */ = {
			isa = PBXGroup;
			children = (
				6CE1358C2CAEB8A9006E1F28 /* SawitPRO_tech_test.app */,
				6CE1359E2CAEB8AB006E1F28 /* SawitPRO_tech_testTests.xctest */,
				6CE135A82CAEB8AB006E1F28 /* SawitPRO_tech_testUITests.xctest */,
			);
			name = Products;
			sourceTree = "<group>";
		};
		6CE1358E2CAEB8A9006E1F28 /* SawitPRO_tech_test */ = {
			isa = PBXGroup;
			children = (
				6C9FF33A2CB14D1400670CD4 /* Localized */,
				6C9FF3052CAFFB1E00670CD4 /* SawitPRO_tech_test.entitlements */,
				6C9FF3282CB1285E00670CD4 /* GoogleService-Info.plist */,
				6CE1358F2CAEB8A9006E1F28 /* SawitPROApp.swift */,
				6CE135952CAEB8AA006E1F28 /* Assets.xcassets */,
				6CE135BF2CAEC0BC006E1F28 /* Common */,
				6CE135BB2CAEBA21006E1F28 /* Module */,
				6CE135972CAEB8AA006E1F28 /* Preview Content */,
			);
			path = SawitPRO_tech_test;
			sourceTree = "<group>";
		};
		6CE135972CAEB8AA006E1F28 /* Preview Content */ = {
			isa = PBXGroup;
			children = (
				6CE135982CAEB8AA006E1F28 /* Preview Assets.xcassets */,
			);
			path = "Preview Content";
			sourceTree = "<group>";
		};
		6CE135A12CAEB8AB006E1F28 /* SawitPRO_tech_testTests */ = {
			isa = PBXGroup;
			children = (
				6C9FF3622CB185A800670CD4 /* Module */,
				6C9FF34C2CB16FF000670CD4 /* TestHelper */,
				6C9FF3452CB169A900670CD4 /* Mocked */,
				6C9FF3412CB1691400670CD4 /* Common */,
			);
			path = SawitPRO_tech_testTests;
			sourceTree = "<group>";
		};
		6CE135AB2CAEB8AB006E1F28 /* SawitPRO_tech_testUITests */ = {
			isa = PBXGroup;
			children = (
				6CE135AC2CAEB8AB006E1F28 /* SawitPRO_tech_testUITests.swift */,
				6CE135AE2CAEB8AB006E1F28 /* SawitPRO_tech_testUITestsLaunchTests.swift */,
			);
			path = SawitPRO_tech_testUITests;
			sourceTree = "<group>";
		};
		6CE135BB2CAEBA21006E1F28 /* Module */ = {
			isa = PBXGroup;
			children = (
				6C9FF31E2CB04C5900670CD4 /* Root */,
				6CE135C72CAEDB10006E1F28 /* Home */,
				6CE135BD2CAEBA46006E1F28 /* Login */,
			);
			path = Module;
			sourceTree = "<group>";
		};
		6CE135BD2CAEBA46006E1F28 /* Login */ = {
			isa = PBXGroup;
			children = (
				6CE135C22CAEC129006E1F28 /* View */,
				6CE135C02CAEC114006E1F28 /* LoginCoordinator.swift */,
				6CE135C52CAEC161006E1F28 /* LoginViewModel.swift */,
				6C9FF31A2CB03D6300670CD4 /* LoginRepository.swift */,
			);
			path = Login;
			sourceTree = "<group>";
		};
		6CE135BF2CAEC0BC006E1F28 /* Common */ = {
			isa = PBXGroup;
			children = (
				6C9FF3152CB0314800670CD4 /* Manager */,
				6CE135DD2CAEF97F006E1F28 /* ModelData */,
				6CE135D62CAEF070006E1F28 /* PropertyWrapper */,
				6CE135D32CAEE34D006E1F28 /* View */,
				6CE135D02CAEDEEC006E1F28 /* Model */,
				6CE135CD2CAEDDD4006E1F28 /* ViewModifier */,
				6CE135CA2CAEDCCF006E1F28 /* Extension */,
			);
			path = Common;
			sourceTree = "<group>";
		};
		6CE135C22CAEC129006E1F28 /* View */ = {
			isa = PBXGroup;
			children = (
				6CE135C32CAEC157006E1F28 /* LoginView.swift */,
			);
			path = View;
			sourceTree = "<group>";
		};
		6CE135C72CAEDB10006E1F28 /* Home */ = {
			isa = PBXGroup;
			children = (
				6C9FF3082CB0011700670CD4 /* View */,
				6CE135C82CAEDB1C006E1F28 /* HomeCoordinator.swift */,
				6C9FF3062CB0011300670CD4 /* HomeViewModel.swift */,
				6C9FF3232CB061A600670CD4 /* HomeRepository.swift */,
			);
			path = Home;
			sourceTree = "<group>";
		};
		6CE135CA2CAEDCCF006E1F28 /* Extension */ = {
			isa = PBXGroup;
			children = (
				6CE135CB2CAEDCFC006E1F28 /* ViewExt.swift */,
				6CE135DB2CAEF911006E1F28 /* StringExt.swift */,
				6C9FF3132CB013C500670CD4 /* IntExt.swift */,
				6C9FF34A2CB16ECB00670CD4 /* NWPathMonitorExt.swift */,
				6C9FF3542CB17A9E00670CD4 /* ModelContextExt.swift */,
			);
			path = Extension;
			sourceTree = "<group>";
		};
		6CE135CD2CAEDDD4006E1F28 /* ViewModifier */ = {
			isa = PBXGroup;
			children = (
				6CE135CE2CAEDDE1006E1F28 /* ViewDidLoadModifier.swift */,
			);
			path = ViewModifier;
			sourceTree = "<group>";
		};
		6CE135D02CAEDEEC006E1F28 /* Model */ = {
			isa = PBXGroup;
			children = (
				6CE135D12CAEDEF5006E1F28 /* User.swift */,
			);
			path = Model;
			sourceTree = "<group>";
		};
		6CE135D32CAEE34D006E1F28 /* View */ = {
			isa = PBXGroup;
			children = (
				6CF001F72CAFC6F500E1E5B9 /* Snackbar.swift */,
				6CE135D42CAEE35C006E1F28 /* EmptyNavigationLink.swift */,
			);
			path = View;
			sourceTree = "<group>";
		};
		6CE135D62CAEF070006E1F28 /* PropertyWrapper */ = {
			isa = PBXGroup;
			children = (
				6CE135D92CAEF843006E1F28 /* NonWhitespaceString.swift */,
			);
			path = PropertyWrapper;
			sourceTree = "<group>";
		};
		6CE135DD2CAEF97F006E1F28 /* ModelData */ = {
			isa = PBXGroup;
			children = (
				6C9FF3372CB1300400670CD4 /* Firebase */,
				6CE135DE2CAEF994006E1F28 /* UserData.swift */,
				6C9FF30F2CB006AA00670CD4 /* ProductData.swift */,
			);
			path = ModelData;
			sourceTree = "<group>";
		};
/* End PBXGroup section */

/* Begin PBXNativeTarget section */
		6CE1358B2CAEB8A9006E1F28 /* SawitPRO_tech_test */ = {
			isa = PBXNativeTarget;
			buildConfigurationList = 6CE135B22CAEB8AB006E1F28 /* Build configuration list for PBXNativeTarget "SawitPRO_tech_test" */;
			buildPhases = (
				6CE135882CAEB8A9006E1F28 /* Sources */,
				6CE135892CAEB8A9006E1F28 /* Frameworks */,
				6CE1358A2CAEB8A9006E1F28 /* Resources */,
			);
			buildRules = (
			);
			dependencies = (
			);
			name = SawitPRO_tech_test;
			packageProductDependencies = (
				6C9FF32A2CB128D000670CD4 /* FirebaseDatabase */,
				6C9FF32C2CB128D000670CD4 /* FirebaseFirestore */,
				6C9FF32E2CB128D000670CD4 /* FirebaseStorage */,
				6C9FF3302CB1292F00670CD4 /* FirebaseCore */,
			);
			productName = SawitPRO_tech_test;
			productReference = 6CE1358C2CAEB8A9006E1F28 /* SawitPRO_tech_test.app */;
			productType = "com.apple.product-type.application";
		};
		6CE1359D2CAEB8AB006E1F28 /* SawitPRO_tech_testTests */ = {
			isa = PBXNativeTarget;
			buildConfigurationList = 6CE135B52CAEB8AB006E1F28 /* Build configuration list for PBXNativeTarget "SawitPRO_tech_testTests" */;
			buildPhases = (
				6CE1359A2CAEB8AB006E1F28 /* Sources */,
				6CE1359B2CAEB8AB006E1F28 /* Frameworks */,
				6CE1359C2CAEB8AB006E1F28 /* Resources */,
			);
			buildRules = (
			);
			dependencies = (
				6CE135A02CAEB8AB006E1F28 /* PBXTargetDependency */,
			);
			name = SawitPRO_tech_testTests;
			productName = SawitPRO_tech_testTests;
			productReference = 6CE1359E2CAEB8AB006E1F28 /* SawitPRO_tech_testTests.xctest */;
			productType = "com.apple.product-type.bundle.unit-test";
		};
		6CE135A72CAEB8AB006E1F28 /* SawitPRO_tech_testUITests */ = {
			isa = PBXNativeTarget;
			buildConfigurationList = 6CE135B82CAEB8AB006E1F28 /* Build configuration list for PBXNativeTarget "SawitPRO_tech_testUITests" */;
			buildPhases = (
				6CE135A42CAEB8AB006E1F28 /* Sources */,
				6CE135A52CAEB8AB006E1F28 /* Frameworks */,
				6CE135A62CAEB8AB006E1F28 /* Resources */,
			);
			buildRules = (
			);
			dependencies = (
				6CE135AA2CAEB8AB006E1F28 /* PBXTargetDependency */,
			);
			name = SawitPRO_tech_testUITests;
			productName = SawitPRO_tech_testUITests;
			productReference = 6CE135A82CAEB8AB006E1F28 /* SawitPRO_tech_testUITests.xctest */;
			productType = "com.apple.product-type.bundle.ui-testing";
		};
/* End PBXNativeTarget section */

/* Begin PBXProject section */
		6CE135842CAEB8A9006E1F28 /* Project object */ = {
			isa = PBXProject;
			attributes = {
				BuildIndependentTargetsInParallel = 1;
				LastSwiftUpdateCheck = 1510;
				LastUpgradeCheck = 1510;
				TargetAttributes = {
					6CE1358B2CAEB8A9006E1F28 = {
						CreatedOnToolsVersion = 15.1;
					};
					6CE1359D2CAEB8AB006E1F28 = {
						CreatedOnToolsVersion = 15.1;
						LastSwiftMigration = 1510;
						TestTargetID = 6CE1358B2CAEB8A9006E1F28;
					};
					6CE135A72CAEB8AB006E1F28 = {
						CreatedOnToolsVersion = 15.1;
						TestTargetID = 6CE1358B2CAEB8A9006E1F28;
					};
				};
			};
			buildConfigurationList = 6CE135872CAEB8A9006E1F28 /* Build configuration list for PBXProject "SawitPRO_tech_test" */;
			compatibilityVersion = "Xcode 14.0";
			developmentRegion = id;
			hasScannedForEncodings = 0;
			knownRegions = (
				en,
				id,
			);
			mainGroup = 6CE135832CAEB8A9006E1F28;
			packageReferences = (
				6CE135BE2CAEC09D006E1F28 /* XCRemoteSwiftPackageReference "Alamofire" */,
				6C9FF3252CB07E9E00670CD4 /* XCRemoteSwiftPackageReference "firebase-ios-sdk" */,
			);
			productRefGroup = 6CE1358D2CAEB8A9006E1F28 /* Products */;
			projectDirPath = "";
			projectRoot = "";
			targets = (
				6CE1358B2CAEB8A9006E1F28 /* SawitPRO_tech_test */,
				6CE1359D2CAEB8AB006E1F28 /* SawitPRO_tech_testTests */,
				6CE135A72CAEB8AB006E1F28 /* SawitPRO_tech_testUITests */,
			);
		};
/* End PBXProject section */

/* Begin PBXResourcesBuildPhase section */
		6CE1358A2CAEB8A9006E1F28 /* Resources */ = {
			isa = PBXResourcesBuildPhase;
			buildActionMask = 2147483647;
			files = (
				6CE135992CAEB8AA006E1F28 /* Preview Assets.xcassets in Resources */,
				6CE135962CAEB8AA006E1F28 /* Assets.xcassets in Resources */,
				6C9FF33C2CB14D3200670CD4 /* Localizable.xcstrings in Resources */,
				6C9FF3292CB1285E00670CD4 /* GoogleService-Info.plist in Resources */,
			);
			runOnlyForDeploymentPostprocessing = 0;
		};
		6CE1359C2CAEB8AB006E1F28 /* Resources */ = {
			isa = PBXResourcesBuildPhase;
			buildActionMask = 2147483647;
			files = (
			);
			runOnlyForDeploymentPostprocessing = 0;
		};
		6CE135A62CAEB8AB006E1F28 /* Resources */ = {
			isa = PBXResourcesBuildPhase;
			buildActionMask = 2147483647;
			files = (
			);
			runOnlyForDeploymentPostprocessing = 0;
		};
/* End PBXResourcesBuildPhase section */

/* Begin PBXSourcesBuildPhase section */
		6CE135882CAEB8A9006E1F28 /* Sources */ = {
			isa = PBXSourcesBuildPhase;
			buildActionMask = 2147483647;
			files = (
				6C9FF3392CB1301B00670CD4 /* ProductFM.swift in Sources */,
				6C9FF3102CB006AA00670CD4 /* ProductData.swift in Sources */,
				6C9FF3172CB0315000670CD4 /* SwiftDataManager.swift in Sources */,
				6CE135C42CAEC157006E1F28 /* LoginView.swift in Sources */,
				6CE135C62CAEC161006E1F28 /* LoginViewModel.swift in Sources */,
				6C9FF30C2CB0012C00670CD4 /* ProductItem.swift in Sources */,
				6CE135C92CAEDB1C006E1F28 /* HomeCoordinator.swift in Sources */,
				6C9FF35F2CB183E900670CD4 /* UserDataManager.swift in Sources */,
				6C9FF3362CB12FDD00670CD4 /* FirestoreModel.swift in Sources */,
				6C9FF30E2CB004C900670CD4 /* FilterView.swift in Sources */,
				6CE135C12CAEC114006E1F28 /* LoginCoordinator.swift in Sources */,
				6C9FF31B2CB03D6300670CD4 /* LoginRepository.swift in Sources */,
				6CF001F82CAFC6F500E1E5B9 /* Snackbar.swift in Sources */,
				6C9FF3142CB013C500670CD4 /* IntExt.swift in Sources */,
				6C9FF3272CB07EC900670CD4 /* Connectivity.swift in Sources */,
				6C9FF34B2CB16ECB00670CD4 /* NWPathMonitorExt.swift in Sources */,
				6CE135D22CAEDEF5006E1F28 /* User.swift in Sources */,
				6CE135CC2CAEDCFC006E1F28 /* ViewExt.swift in Sources */,
				6CE135CF2CAEDDE1006E1F28 /* ViewDidLoadModifier.swift in Sources */,
				6C9FF3332CB12F9000670CD4 /* FirestoreManager.swift in Sources */,
				6C9FF3242CB061A600670CD4 /* HomeRepository.swift in Sources */,
				6C9FF3202CB04C6300670CD4 /* RootCoordinator.swift in Sources */,
				6C9FF3222CB04E2000670CD4 /* DI.swift in Sources */,
				6CE135D52CAEE35C006E1F28 /* EmptyNavigationLink.swift in Sources */,
				6C9FF3552CB17A9E00670CD4 /* ModelContextExt.swift in Sources */,
				6CF001FD2CAFF48400E1E5B9 /* KeychainManager.swift in Sources */,
				6CE135DF2CAEF994006E1F28 /* UserData.swift in Sources */,
				6C9FF3402CB159AE00670CD4 /* EncryptionManager.swift in Sources */,
				6CE135902CAEB8A9006E1F28 /* SawitPROApp.swift in Sources */,
				6CE135DC2CAEF911006E1F28 /* StringExt.swift in Sources */,
				6C9FF30A2CB0012200670CD4 /* HomeView.swift in Sources */,
				6C9FF3072CB0011300670CD4 /* HomeViewModel.swift in Sources */,
				6CE135DA2CAEF843006E1F28 /* NonWhitespaceString.swift in Sources */,
				6C9FF33E2CB14D6200670CD4 /* LocalizedManager.swift in Sources */,
				6C9FF3122CB00F0000670CD4 /* ManageProductView.swift in Sources */,
			);
			runOnlyForDeploymentPostprocessing = 0;
		};
		6CE1359A2CAEB8AB006E1F28 /* Sources */ = {
			isa = PBXSourcesBuildPhase;
			buildActionMask = 2147483647;
			files = (
				6C9FF36B2CB18C6C00670CD4 /* MockEncryptionManager.swift in Sources */,
				6C9FF35B2CB17EC000670CD4 /* Factories.swift in Sources */,
				6C9FF3502CB171B600670CD4 /* MockPathMonitor.swift in Sources */,
				6C9FF3472CB169BD00670CD4 /* MockView.swift in Sources */,
				6C9FF3592CB17BA100670CD4 /* SwiftDataManagerSpec.swift in Sources */,
				6C9FF3692CB188A900670CD4 /* LoginViewModelSpec.swift in Sources */,
				6C9FF3652CB185B900670CD4 /* LoginRepositorySpec.swift in Sources */,
				6C9FF3492CB16B4600670CD4 /* IntExtSpec.swift in Sources */,
				6C9FF34E2CB16FFC00670CD4 /* DITestHelper.swift in Sources */,
				6C9FF3612CB184FC00670CD4 /* MockUserDataManager.swift in Sources */,
				6C9FF3442CB1697C00670CD4 /* ViewExtSpec.swift in Sources */,
				6C9FF3532CB1728A00670CD4 /* ConnectivitySpec.swift in Sources */,
				6C9FF3572CB17B2700670CD4 /* MockModelContext.swift in Sources */,
				6C9FF3672CB1887B00670CD4 /* MockLoginRepository.swift in Sources */,
			);
			runOnlyForDeploymentPostprocessing = 0;
		};
		6CE135A42CAEB8AB006E1F28 /* Sources */ = {
			isa = PBXSourcesBuildPhase;
			buildActionMask = 2147483647;
			files = (
				6CE135AD2CAEB8AB006E1F28 /* SawitPRO_tech_testUITests.swift in Sources */,
				6CE135AF2CAEB8AB006E1F28 /* SawitPRO_tech_testUITestsLaunchTests.swift in Sources */,
			);
			runOnlyForDeploymentPostprocessing = 0;
		};
/* End PBXSourcesBuildPhase section */

/* Begin PBXTargetDependency section */
		6CE135A02CAEB8AB006E1F28 /* PBXTargetDependency */ = {
			isa = PBXTargetDependency;
			target = 6CE1358B2CAEB8A9006E1F28 /* SawitPRO_tech_test */;
			targetProxy = 6CE1359F2CAEB8AB006E1F28 /* PBXContainerItemProxy */;
		};
		6CE135AA2CAEB8AB006E1F28 /* PBXTargetDependency */ = {
			isa = PBXTargetDependency;
			target = 6CE1358B2CAEB8A9006E1F28 /* SawitPRO_tech_test */;
			targetProxy = 6CE135A92CAEB8AB006E1F28 /* PBXContainerItemProxy */;
		};
/* End PBXTargetDependency section */

/* Begin XCBuildConfiguration section */
		6CE135B02CAEB8AB006E1F28 /* Debug */ = {
			isa = XCBuildConfiguration;
			buildSettings = {
				ALWAYS_SEARCH_USER_PATHS = NO;
				ASSETCATALOG_COMPILER_GENERATE_SWIFT_ASSET_SYMBOL_EXTENSIONS = YES;
				CLANG_ANALYZER_NONNULL = YES;
				CLANG_ANALYZER_NUMBER_OBJECT_CONVERSION = YES_AGGRESSIVE;
				CLANG_CXX_LANGUAGE_STANDARD = "gnu++20";
				CLANG_ENABLE_MODULES = YES;
				CLANG_ENABLE_OBJC_ARC = YES;
				CLANG_ENABLE_OBJC_WEAK = YES;
				CLANG_WARN_BLOCK_CAPTURE_AUTORELEASING = YES;
				CLANG_WARN_BOOL_CONVERSION = YES;
				CLANG_WARN_COMMA = YES;
				CLANG_WARN_CONSTANT_CONVERSION = YES;
				CLANG_WARN_DEPRECATED_OBJC_IMPLEMENTATIONS = YES;
				CLANG_WARN_DIRECT_OBJC_ISA_USAGE = YES_ERROR;
				CLANG_WARN_DOCUMENTATION_COMMENTS = YES;
				CLANG_WARN_EMPTY_BODY = YES;
				CLANG_WARN_ENUM_CONVERSION = YES;
				CLANG_WARN_INFINITE_RECURSION = YES;
				CLANG_WARN_INT_CONVERSION = YES;
				CLANG_WARN_NON_LITERAL_NULL_CONVERSION = YES;
				CLANG_WARN_OBJC_IMPLICIT_RETAIN_SELF = YES;
				CLANG_WARN_OBJC_LITERAL_CONVERSION = YES;
				CLANG_WARN_OBJC_ROOT_CLASS = YES_ERROR;
				CLANG_WARN_QUOTED_INCLUDE_IN_FRAMEWORK_HEADER = YES;
				CLANG_WARN_RANGE_LOOP_ANALYSIS = YES;
				CLANG_WARN_STRICT_PROTOTYPES = YES;
				CLANG_WARN_SUSPICIOUS_MOVE = YES;
				CLANG_WARN_UNGUARDED_AVAILABILITY = YES_AGGRESSIVE;
				CLANG_WARN_UNREACHABLE_CODE = YES;
				CLANG_WARN__DUPLICATE_METHOD_MATCH = YES;
				COPY_PHASE_STRIP = NO;
				DEBUG_INFORMATION_FORMAT = dwarf;
				ENABLE_STRICT_OBJC_MSGSEND = YES;
				ENABLE_TESTABILITY = YES;
				ENABLE_USER_SCRIPT_SANDBOXING = YES;
				GCC_C_LANGUAGE_STANDARD = gnu17;
				GCC_DYNAMIC_NO_PIC = NO;
				GCC_NO_COMMON_BLOCKS = YES;
				GCC_OPTIMIZATION_LEVEL = 0;
				GCC_PREPROCESSOR_DEFINITIONS = (
					"DEBUG=1",
					"$(inherited)",
				);
				GCC_WARN_64_TO_32_BIT_CONVERSION = YES;
				GCC_WARN_ABOUT_RETURN_TYPE = YES_ERROR;
				GCC_WARN_UNDECLARED_SELECTOR = YES;
				GCC_WARN_UNINITIALIZED_AUTOS = YES_AGGRESSIVE;
				GCC_WARN_UNUSED_FUNCTION = YES;
				GCC_WARN_UNUSED_VARIABLE = YES;
				IPHONEOS_DEPLOYMENT_TARGET = 17.2;
				LOCALIZATION_PREFERS_STRING_CATALOGS = YES;
				MTL_ENABLE_DEBUG_INFO = INCLUDE_SOURCE;
				MTL_FAST_MATH = YES;
				ONLY_ACTIVE_ARCH = YES;
				SDKROOT = iphoneos;
				SWIFT_ACTIVE_COMPILATION_CONDITIONS = "DEBUG $(inherited)";
				SWIFT_OPTIMIZATION_LEVEL = "-Onone";
			};
			name = Debug;
		};
		6CE135B12CAEB8AB006E1F28 /* Release */ = {
			isa = XCBuildConfiguration;
			buildSettings = {
				ALWAYS_SEARCH_USER_PATHS = NO;
				ASSETCATALOG_COMPILER_GENERATE_SWIFT_ASSET_SYMBOL_EXTENSIONS = YES;
				CLANG_ANALYZER_NONNULL = YES;
				CLANG_ANALYZER_NUMBER_OBJECT_CONVERSION = YES_AGGRESSIVE;
				CLANG_CXX_LANGUAGE_STANDARD = "gnu++20";
				CLANG_ENABLE_MODULES = YES;
				CLANG_ENABLE_OBJC_ARC = YES;
				CLANG_ENABLE_OBJC_WEAK = YES;
				CLANG_WARN_BLOCK_CAPTURE_AUTORELEASING = YES;
				CLANG_WARN_BOOL_CONVERSION = YES;
				CLANG_WARN_COMMA = YES;
				CLANG_WARN_CONSTANT_CONVERSION = YES;
				CLANG_WARN_DEPRECATED_OBJC_IMPLEMENTATIONS = YES;
				CLANG_WARN_DIRECT_OBJC_ISA_USAGE = YES_ERROR;
				CLANG_WARN_DOCUMENTATION_COMMENTS = YES;
				CLANG_WARN_EMPTY_BODY = YES;
				CLANG_WARN_ENUM_CONVERSION = YES;
				CLANG_WARN_INFINITE_RECURSION = YES;
				CLANG_WARN_INT_CONVERSION = YES;
				CLANG_WARN_NON_LITERAL_NULL_CONVERSION = YES;
				CLANG_WARN_OBJC_IMPLICIT_RETAIN_SELF = YES;
				CLANG_WARN_OBJC_LITERAL_CONVERSION = YES;
				CLANG_WARN_OBJC_ROOT_CLASS = YES_ERROR;
				CLANG_WARN_QUOTED_INCLUDE_IN_FRAMEWORK_HEADER = YES;
				CLANG_WARN_RANGE_LOOP_ANALYSIS = YES;
				CLANG_WARN_STRICT_PROTOTYPES = YES;
				CLANG_WARN_SUSPICIOUS_MOVE = YES;
				CLANG_WARN_UNGUARDED_AVAILABILITY = YES_AGGRESSIVE;
				CLANG_WARN_UNREACHABLE_CODE = YES;
				CLANG_WARN__DUPLICATE_METHOD_MATCH = YES;
				COPY_PHASE_STRIP = NO;
				DEBUG_INFORMATION_FORMAT = "dwarf-with-dsym";
				ENABLE_NS_ASSERTIONS = NO;
				ENABLE_STRICT_OBJC_MSGSEND = YES;
				ENABLE_USER_SCRIPT_SANDBOXING = YES;
				GCC_C_LANGUAGE_STANDARD = gnu17;
				GCC_NO_COMMON_BLOCKS = YES;
				GCC_WARN_64_TO_32_BIT_CONVERSION = YES;
				GCC_WARN_ABOUT_RETURN_TYPE = YES_ERROR;
				GCC_WARN_UNDECLARED_SELECTOR = YES;
				GCC_WARN_UNINITIALIZED_AUTOS = YES_AGGRESSIVE;
				GCC_WARN_UNUSED_FUNCTION = YES;
				GCC_WARN_UNUSED_VARIABLE = YES;
				IPHONEOS_DEPLOYMENT_TARGET = 17.2;
				LOCALIZATION_PREFERS_STRING_CATALOGS = YES;
				MTL_ENABLE_DEBUG_INFO = NO;
				MTL_FAST_MATH = YES;
				SDKROOT = iphoneos;
				SWIFT_COMPILATION_MODE = wholemodule;
				VALIDATE_PRODUCT = YES;
			};
			name = Release;
		};
		6CE135B32CAEB8AB006E1F28 /* Debug */ = {
			isa = XCBuildConfiguration;
			buildSettings = {
				ASSETCATALOG_COMPILER_APPICON_NAME = AppIcon;
				ASSETCATALOG_COMPILER_GLOBAL_ACCENT_COLOR_NAME = AccentColor;
				CODE_SIGN_ENTITLEMENTS = SawitPRO_tech_test/SawitPRO_tech_test.entitlements;
				CODE_SIGN_STYLE = Automatic;
				CURRENT_PROJECT_VERSION = 1;
				DEVELOPMENT_ASSET_PATHS = "\"SawitPRO_tech_test/Preview Content\"";
				DEVELOPMENT_TEAM = RD8PH358JV;
				ENABLE_PREVIEWS = YES;
				GENERATE_INFOPLIST_FILE = YES;
				INFOPLIST_KEY_UIApplicationSceneManifest_Generation = YES;
				INFOPLIST_KEY_UIApplicationSupportsIndirectInputEvents = YES;
				INFOPLIST_KEY_UILaunchScreen_Generation = YES;
				INFOPLIST_KEY_UISupportedInterfaceOrientations_iPad = "UIInterfaceOrientationPortrait UIInterfaceOrientationPortraitUpsideDown UIInterfaceOrientationLandscapeLeft UIInterfaceOrientationLandscapeRight";
				INFOPLIST_KEY_UISupportedInterfaceOrientations_iPhone = "UIInterfaceOrientationPortrait UIInterfaceOrientationLandscapeLeft UIInterfaceOrientationLandscapeRight";
				LD_RUNPATH_SEARCH_PATHS = (
					"$(inherited)",
					"@executable_path/Frameworks",
				);
				MARKETING_VERSION = 1.0;
				PRODUCT_BUNDLE_IDENTIFIER = "com.daniel.sawitpro.SawitPRO-tech-test";
				PRODUCT_NAME = "$(TARGET_NAME)";
				SWIFT_EMIT_LOC_STRINGS = YES;
				SWIFT_VERSION = 5.0;
				TARGETED_DEVICE_FAMILY = "1,2";
			};
			name = Debug;
		};
		6CE135B42CAEB8AB006E1F28 /* Release */ = {
			isa = XCBuildConfiguration;
			buildSettings = {
				ASSETCATALOG_COMPILER_APPICON_NAME = AppIcon;
				ASSETCATALOG_COMPILER_GLOBAL_ACCENT_COLOR_NAME = AccentColor;
				CODE_SIGN_ENTITLEMENTS = SawitPRO_tech_test/SawitPRO_tech_test.entitlements;
				CODE_SIGN_STYLE = Automatic;
				CURRENT_PROJECT_VERSION = 1;
				DEVELOPMENT_ASSET_PATHS = "\"SawitPRO_tech_test/Preview Content\"";
				DEVELOPMENT_TEAM = RD8PH358JV;
				ENABLE_PREVIEWS = YES;
				GENERATE_INFOPLIST_FILE = YES;
				INFOPLIST_KEY_UIApplicationSceneManifest_Generation = YES;
				INFOPLIST_KEY_UIApplicationSupportsIndirectInputEvents = YES;
				INFOPLIST_KEY_UILaunchScreen_Generation = YES;
				INFOPLIST_KEY_UISupportedInterfaceOrientations_iPad = "UIInterfaceOrientationPortrait UIInterfaceOrientationPortraitUpsideDown UIInterfaceOrientationLandscapeLeft UIInterfaceOrientationLandscapeRight";
				INFOPLIST_KEY_UISupportedInterfaceOrientations_iPhone = "UIInterfaceOrientationPortrait UIInterfaceOrientationLandscapeLeft UIInterfaceOrientationLandscapeRight";
				LD_RUNPATH_SEARCH_PATHS = (
					"$(inherited)",
					"@executable_path/Frameworks",
				);
				MARKETING_VERSION = 1.0;
				PRODUCT_BUNDLE_IDENTIFIER = "com.daniel.sawitpro.SawitPRO-tech-test";
				PRODUCT_NAME = "$(TARGET_NAME)";
				SWIFT_EMIT_LOC_STRINGS = YES;
				SWIFT_VERSION = 5.0;
				TARGETED_DEVICE_FAMILY = "1,2";
			};
			name = Release;
		};
		6CE135B62CAEB8AB006E1F28 /* Debug */ = {
			isa = XCBuildConfiguration;
			buildSettings = {
				ALWAYS_EMBED_SWIFT_STANDARD_LIBRARIES = YES;
				BUNDLE_LOADER = "$(TEST_HOST)";
				CLANG_ENABLE_MODULES = YES;
				CODE_SIGN_STYLE = Automatic;
				CURRENT_PROJECT_VERSION = 1;
				DEVELOPMENT_TEAM = RD8PH358JV;
				GENERATE_INFOPLIST_FILE = YES;
				IPHONEOS_DEPLOYMENT_TARGET = 17.2;
				MARKETING_VERSION = 1.0;
				PRODUCT_BUNDLE_IDENTIFIER = "com.daniel.sawitpro.SawitPRO-tech-testTests";
				PRODUCT_NAME = "$(TARGET_NAME)";
				SWIFT_EMIT_LOC_STRINGS = NO;
				SWIFT_OPTIMIZATION_LEVEL = "-Onone";
				SWIFT_VERSION = 5.0;
				TARGETED_DEVICE_FAMILY = "1,2";
				TEST_HOST = "$(BUILT_PRODUCTS_DIR)/SawitPRO_tech_test.app/$(BUNDLE_EXECUTABLE_FOLDER_PATH)/SawitPRO_tech_test";
			};
			name = Debug;
		};
		6CE135B72CAEB8AB006E1F28 /* Release */ = {
			isa = XCBuildConfiguration;
			buildSettings = {
				ALWAYS_EMBED_SWIFT_STANDARD_LIBRARIES = YES;
				BUNDLE_LOADER = "$(TEST_HOST)";
				CLANG_ENABLE_MODULES = YES;
				CODE_SIGN_STYLE = Automatic;
				CURRENT_PROJECT_VERSION = 1;
				DEVELOPMENT_TEAM = RD8PH358JV;
				GENERATE_INFOPLIST_FILE = YES;
				IPHONEOS_DEPLOYMENT_TARGET = 17.2;
				MARKETING_VERSION = 1.0;
				PRODUCT_BUNDLE_IDENTIFIER = "com.daniel.sawitpro.SawitPRO-tech-testTests";
				PRODUCT_NAME = "$(TARGET_NAME)";
				SWIFT_EMIT_LOC_STRINGS = NO;
				SWIFT_VERSION = 5.0;
				TARGETED_DEVICE_FAMILY = "1,2";
				TEST_HOST = "$(BUILT_PRODUCTS_DIR)/SawitPRO_tech_test.app/$(BUNDLE_EXECUTABLE_FOLDER_PATH)/SawitPRO_tech_test";
			};
			name = Release;
		};
		6CE135B92CAEB8AB006E1F28 /* Debug */ = {
			isa = XCBuildConfiguration;
			buildSettings = {
				ALWAYS_EMBED_SWIFT_STANDARD_LIBRARIES = YES;
				CODE_SIGN_STYLE = Automatic;
				CURRENT_PROJECT_VERSION = 1;
				DEVELOPMENT_TEAM = RD8PH358JV;
				GENERATE_INFOPLIST_FILE = YES;
				MARKETING_VERSION = 1.0;
				PRODUCT_BUNDLE_IDENTIFIER = "com.daniel.sawitpro.SawitPRO-tech-testUITests";
				PRODUCT_NAME = "$(TARGET_NAME)";
				SWIFT_EMIT_LOC_STRINGS = NO;
				SWIFT_VERSION = 5.0;
				TARGETED_DEVICE_FAMILY = "1,2";
				TEST_TARGET_NAME = SawitPRO_tech_test;
			};
			name = Debug;
		};
		6CE135BA2CAEB8AB006E1F28 /* Release */ = {
			isa = XCBuildConfiguration;
			buildSettings = {
				ALWAYS_EMBED_SWIFT_STANDARD_LIBRARIES = YES;
				CODE_SIGN_STYLE = Automatic;
				CURRENT_PROJECT_VERSION = 1;
				DEVELOPMENT_TEAM = RD8PH358JV;
				GENERATE_INFOPLIST_FILE = YES;
				MARKETING_VERSION = 1.0;
				PRODUCT_BUNDLE_IDENTIFIER = "com.daniel.sawitpro.SawitPRO-tech-testUITests";
				PRODUCT_NAME = "$(TARGET_NAME)";
				SWIFT_EMIT_LOC_STRINGS = NO;
				SWIFT_VERSION = 5.0;
				TARGETED_DEVICE_FAMILY = "1,2";
				TEST_TARGET_NAME = SawitPRO_tech_test;
			};
			name = Release;
		};
/* End XCBuildConfiguration section */

/* Begin XCConfigurationList section */
		6CE135872CAEB8A9006E1F28 /* Build configuration list for PBXProject "SawitPRO_tech_test" */ = {
			isa = XCConfigurationList;
			buildConfigurations = (
				6CE135B02CAEB8AB006E1F28 /* Debug */,
				6CE135B12CAEB8AB006E1F28 /* Release */,
			);
			defaultConfigurationIsVisible = 0;
			defaultConfigurationName = Debug;
		};
		6CE135B22CAEB8AB006E1F28 /* Build configuration list for PBXNativeTarget "SawitPRO_tech_test" */ = {
			isa = XCConfigurationList;
			buildConfigurations = (
				6CE135B32CAEB8AB006E1F28 /* Debug */,
				6CE135B42CAEB8AB006E1F28 /* Release */,
			);
			defaultConfigurationIsVisible = 0;
			defaultConfigurationName = Debug;
		};
		6CE135B52CAEB8AB006E1F28 /* Build configuration list for PBXNativeTarget "SawitPRO_tech_testTests" */ = {
			isa = XCConfigurationList;
			buildConfigurations = (
				6CE135B62CAEB8AB006E1F28 /* Debug */,
				6CE135B72CAEB8AB006E1F28 /* Release */,
			);
			defaultConfigurationIsVisible = 0;
			defaultConfigurationName = Debug;
		};
		6CE135B82CAEB8AB006E1F28 /* Build configuration list for PBXNativeTarget "SawitPRO_tech_testUITests" */ = {
			isa = XCConfigurationList;
			buildConfigurations = (
				6CE135B92CAEB8AB006E1F28 /* Debug */,
				6CE135BA2CAEB8AB006E1F28 /* Release */,
			);
			defaultConfigurationIsVisible = 0;
			defaultConfigurationName = Debug;
		};
/* End XCConfigurationList section */

/* Begin XCRemoteSwiftPackageReference section */
		6C9FF3252CB07E9E00670CD4 /* XCRemoteSwiftPackageReference "firebase-ios-sdk" */ = {
			isa = XCRemoteSwiftPackageReference;
			repositoryURL = "https://github.com/firebase/firebase-ios-sdk.git";
			requirement = {
				kind = upToNextMajorVersion;
				minimumVersion = 11.3.0;
			};
		};
		6CE135BE2CAEC09D006E1F28 /* XCRemoteSwiftPackageReference "Alamofire" */ = {
			isa = XCRemoteSwiftPackageReference;
			repositoryURL = "https://github.com/Alamofire/Alamofire.git";
			requirement = {
				kind = upToNextMajorVersion;
				minimumVersion = 5.9.1;
			};
		};
/* End XCRemoteSwiftPackageReference section */

/* Begin XCSwiftPackageProductDependency section */
		6C9FF32A2CB128D000670CD4 /* FirebaseDatabase */ = {
			isa = XCSwiftPackageProductDependency;
			package = 6C9FF3252CB07E9E00670CD4 /* XCRemoteSwiftPackageReference "firebase-ios-sdk" */;
			productName = FirebaseDatabase;
		};
		6C9FF32C2CB128D000670CD4 /* FirebaseFirestore */ = {
			isa = XCSwiftPackageProductDependency;
			package = 6C9FF3252CB07E9E00670CD4 /* XCRemoteSwiftPackageReference "firebase-ios-sdk" */;
			productName = FirebaseFirestore;
		};
		6C9FF32E2CB128D000670CD4 /* FirebaseStorage */ = {
			isa = XCSwiftPackageProductDependency;
			package = 6C9FF3252CB07E9E00670CD4 /* XCRemoteSwiftPackageReference "firebase-ios-sdk" */;
			productName = FirebaseStorage;
		};
		6C9FF3302CB1292F00670CD4 /* FirebaseCore */ = {
			isa = XCSwiftPackageProductDependency;
			package = 6C9FF3252CB07E9E00670CD4 /* XCRemoteSwiftPackageReference "firebase-ios-sdk" */;
			productName = FirebaseCore;
		};
/* End XCSwiftPackageProductDependency section */
	};
	rootObject = 6CE135842CAEB8A9006E1F28 /* Project object */;
}
